<?xml version="1.0" encoding="utf-8"?>
<Project ToolsVersion="17.0" xmlns="http://schemas.microsoft.com/developer/msbuild/2003">
  <ItemGroup>
    <CustomBuild Include="F:\work\Kodi\Multi Collections\CMakeFiles\269f96eecadf4cb63a42563375196a3a\build-nghttp2-mkdir.rule">
      <Filter>CMake Rules</Filter>
    </CustomBuild>
    <CustomBuild Include="F:\work\Kodi\Multi Collections\CMakeFiles\269f96eecadf4cb63a42563375196a3a\build-nghttp2-download.rule">
      <Filter>CMake Rules</Filter>
    </CustomBuild>
    <CustomBuild Include="F:\work\Kodi\Multi Collections\CMakeFiles\269f96eecadf4cb63a42563375196a3a\build-nghttp2-update.rule">
      <Filter>CMake Rules</Filter>
    </CustomBuild>
    <CustomBuild Include="F:\work\Kodi\Multi Collections\CMakeFiles\269f96eecadf4cb63a42563375196a3a\build-nghttp2-patch.rule">
      <Filter>CMake Rules</Filter>
    </CustomBuild>
    <CustomBuild Include="F:\work\Kodi\Multi Collections\CMakeFiles\269f96eecadf4cb63a42563375196a3a\build-nghttp2-configure.rule">
      <Filter>CMake Rules</Filter>
    </CustomBuild>
    <CustomBuild Include="F:\work\Kodi\Multi Collections\CMakeFiles\269f96eecadf4cb63a42563375196a3a\build-nghttp2-build.rule">
      <Filter>CMake Rules</Filter>
    </CustomBuild>
    <CustomBuild Include="F:\work\Kodi\Multi Collections\CMakeFiles\269f96eecadf4cb63a42563375196a3a\build-nghttp2-install.rule">
      <Filter>CMake Rules</Filter>
    </CustomBuild>
    <CustomBuild Include="F:\work\Kodi\Multi Collections\CMakeFiles\0fa48bf93024919b138e6bed0915e793\build-nghttp2-complete.rule">
      <Filter>CMake Rules</Filter>
    </CustomBuild>
    <CustomBuild Include="F:\work\Kodi\Multi Collections\CMakeFiles\edebb8b1973b15aec4b443e64ea354c7\build-nghttp2.rule">
      <Filter>CMake Rules</Filter>
    </CustomBuild>
    <CustomBuild Include="F:\work\Kodi\Multi Collections\CMakeLists.txt" />
  </ItemGroup>
  <ItemGroup>
    <None Include="F:\work\Kodi\Multi Collections\CMakeFiles\build-nghttp2" />
  </ItemGroup>
  <ItemGroup>
    <Filter Include="CMake Rules">
      <UniqueIdentifier>{03C21BB1-0D15-38B5-BB5A-DF974767CE53}</UniqueIdentifier>
    </Filter>
  </ItemGroup>
</Project>
