<?xml version="1.0" encoding="utf-8"?>
<Project ToolsVersion="17.0" xmlns="http://schemas.microsoft.com/developer/msbuild/2003">
  <ItemGroup>
    <CustomBuild Include="F:\work\Kodi\Multi Collections\CMakeFiles\0b0173472fcc4c082949b9ca0e859c0a\build-flatbuffers-mkdir.rule">
      <Filter>CMake Rules</Filter>
    </CustomBuild>
    <CustomBuild Include="F:\work\Kodi\Multi Collections\CMakeFiles\0b0173472fcc4c082949b9ca0e859c0a\build-flatbuffers-download.rule">
      <Filter>CMake Rules</Filter>
    </CustomBuild>
    <CustomBuild Include="F:\work\Kodi\Multi Collections\CMakeFiles\0b0173472fcc4c082949b9ca0e859c0a\build-flatbuffers-update.rule">
      <Filter>CMake Rules</Filter>
    </CustomBuild>
    <CustomBuild Include="F:\work\Kodi\Multi Collections\CMakeFiles\0b0173472fcc4c082949b9ca0e859c0a\build-flatbuffers-patch.rule">
      <Filter>CMake Rules</Filter>
    </CustomBuild>
    <CustomBuild Include="F:\work\Kodi\Multi Collections\CMakeFiles\0b0173472fcc4c082949b9ca0e859c0a\build-flatbuffers-configure.rule">
      <Filter>CMake Rules</Filter>
    </CustomBuild>
    <CustomBuild Include="F:\work\Kodi\Multi Collections\CMakeFiles\0b0173472fcc4c082949b9ca0e859c0a\build-flatbuffers-build.rule">
      <Filter>CMake Rules</Filter>
    </CustomBuild>
    <CustomBuild Include="F:\work\Kodi\Multi Collections\CMakeFiles\0b0173472fcc4c082949b9ca0e859c0a\build-flatbuffers-install.rule">
      <Filter>CMake Rules</Filter>
    </CustomBuild>
    <CustomBuild Include="F:\work\Kodi\Multi Collections\CMakeFiles\0fa48bf93024919b138e6bed0915e793\build-flatbuffers-complete.rule">
      <Filter>CMake Rules</Filter>
    </CustomBuild>
    <CustomBuild Include="F:\work\Kodi\Multi Collections\CMakeFiles\edebb8b1973b15aec4b443e64ea354c7\build-flatbuffers.rule">
      <Filter>CMake Rules</Filter>
    </CustomBuild>
    <CustomBuild Include="F:\work\Kodi\Multi Collections\CMakeLists.txt" />
  </ItemGroup>
  <ItemGroup>
    <None Include="F:\work\Kodi\Multi Collections\CMakeFiles\build-flatbuffers" />
  </ItemGroup>
  <ItemGroup>
    <Filter Include="CMake Rules">
      <UniqueIdentifier>{03C21BB1-0D15-38B5-BB5A-DF974767CE53}</UniqueIdentifier>
    </Filter>
  </ItemGroup>
</Project>
