<?xml version="1.0" encoding="utf-8"?>
<Project ToolsVersion="17.0" xmlns="http://schemas.microsoft.com/developer/msbuild/2003">
  <ItemGroup>
    <CustomBuild Include="F:\work\Kodi\Multi Collections\CMakeFiles\01da4cc2f8776a5c415a32a734b0847d\build-exiv2-mkdir.rule">
      <Filter>CMake Rules</Filter>
    </CustomBuild>
    <CustomBuild Include="F:\work\Kodi\Multi Collections\CMakeFiles\01da4cc2f8776a5c415a32a734b0847d\build-exiv2-download.rule">
      <Filter>CMake Rules</Filter>
    </CustomBuild>
    <CustomBuild Include="F:\work\Kodi\Multi Collections\CMakeFiles\01da4cc2f8776a5c415a32a734b0847d\build-exiv2-update.rule">
      <Filter>CMake Rules</Filter>
    </CustomBuild>
    <CustomBuild Include="F:\work\Kodi\Multi Collections\CMakeFiles\01da4cc2f8776a5c415a32a734b0847d\build-exiv2-patch.rule">
      <Filter>CMake Rules</Filter>
    </CustomBuild>
    <CustomBuild Include="F:\work\Kodi\Multi Collections\CMakeFiles\01da4cc2f8776a5c415a32a734b0847d\build-exiv2-configure.rule">
      <Filter>CMake Rules</Filter>
    </CustomBuild>
    <CustomBuild Include="F:\work\Kodi\Multi Collections\CMakeFiles\01da4cc2f8776a5c415a32a734b0847d\build-exiv2-build.rule">
      <Filter>CMake Rules</Filter>
    </CustomBuild>
    <CustomBuild Include="F:\work\Kodi\Multi Collections\CMakeFiles\01da4cc2f8776a5c415a32a734b0847d\build-exiv2-install.rule">
      <Filter>CMake Rules</Filter>
    </CustomBuild>
    <CustomBuild Include="F:\work\Kodi\Multi Collections\CMakeFiles\0fa48bf93024919b138e6bed0915e793\build-exiv2-complete.rule">
      <Filter>CMake Rules</Filter>
    </CustomBuild>
    <CustomBuild Include="F:\work\Kodi\Multi Collections\CMakeFiles\edebb8b1973b15aec4b443e64ea354c7\build-exiv2.rule">
      <Filter>CMake Rules</Filter>
    </CustomBuild>
    <CustomBuild Include="F:\work\Kodi\Multi Collections\CMakeLists.txt" />
  </ItemGroup>
  <ItemGroup>
    <None Include="F:\work\Kodi\Multi Collections\CMakeFiles\build-exiv2" />
  </ItemGroup>
  <ItemGroup>
    <Filter Include="CMake Rules">
      <UniqueIdentifier>{03C21BB1-0D15-38B5-BB5A-DF974767CE53}</UniqueIdentifier>
    </Filter>
  </ItemGroup>
</Project>
