<?xml version="1.0" encoding="utf-8"?>
<Project ToolsVersion="17.0" xmlns="http://schemas.microsoft.com/developer/msbuild/2003">
  <ItemGroup>
    <CustomBuild Include="F:\work\Kodi\Multi Collections\CMakeFiles\b251824eb902a5b260ba834775a7b9db\build-libdvdcss-mkdir.rule">
      <Filter>CMake Rules</Filter>
    </CustomBuild>
    <CustomBuild Include="F:\work\Kodi\Multi Collections\CMakeFiles\b251824eb902a5b260ba834775a7b9db\build-libdvdcss-download.rule">
      <Filter>CMake Rules</Filter>
    </CustomBuild>
    <CustomBuild Include="F:\work\Kodi\Multi Collections\CMakeFiles\b251824eb902a5b260ba834775a7b9db\build-libdvdcss-update.rule">
      <Filter>CMake Rules</Filter>
    </CustomBuild>
    <CustomBuild Include="F:\work\Kodi\Multi Collections\CMakeFiles\b251824eb902a5b260ba834775a7b9db\build-libdvdcss-patch.rule">
      <Filter>CMake Rules</Filter>
    </CustomBuild>
    <CustomBuild Include="F:\work\Kodi\Multi Collections\CMakeFiles\b251824eb902a5b260ba834775a7b9db\build-libdvdcss-configure.rule">
      <Filter>CMake Rules</Filter>
    </CustomBuild>
    <CustomBuild Include="F:\work\Kodi\Multi Collections\CMakeFiles\b251824eb902a5b260ba834775a7b9db\build-libdvdcss-build.rule">
      <Filter>CMake Rules</Filter>
    </CustomBuild>
    <CustomBuild Include="F:\work\Kodi\Multi Collections\CMakeFiles\b251824eb902a5b260ba834775a7b9db\build-libdvdcss-install.rule">
      <Filter>CMake Rules</Filter>
    </CustomBuild>
    <CustomBuild Include="F:\work\Kodi\Multi Collections\CMakeFiles\0fa48bf93024919b138e6bed0915e793\build-libdvdcss-complete.rule">
      <Filter>CMake Rules</Filter>
    </CustomBuild>
    <CustomBuild Include="F:\work\Kodi\Multi Collections\CMakeFiles\edebb8b1973b15aec4b443e64ea354c7\build-libdvdcss.rule">
      <Filter>CMake Rules</Filter>
    </CustomBuild>
    <CustomBuild Include="F:\work\Kodi\Multi Collections\CMakeLists.txt" />
  </ItemGroup>
  <ItemGroup>
    <None Include="F:\work\Kodi\Multi Collections\CMakeFiles\build-libdvdcss" />
  </ItemGroup>
  <ItemGroup>
    <Filter Include="CMake Rules">
      <UniqueIdentifier>{03C21BB1-0D15-38B5-BB5A-DF974767CE53}</UniqueIdentifier>
    </Filter>
  </ItemGroup>
</Project>
