
Microsoft Visual Studio Solution File, Format Version 12.00
# Visual Studio Version 17
Project("{2150E333-8FDC-42A3-9474-1A3956D46DE8}") = "Build Utilities", "Build Utilities", "{0087B1E8-8137-3B04-952A-498DF6EC2B11}"
EndProject
Project("{2150E333-8FDC-42A3-9474-1A3956D46DE8}") = "CMakePredefinedTargets", "CMakePredefinedTargets", "{FFBA073D-4BD5-37F3-8324-5DD651F0405A}"
EndProject
Project("{2150E333-8FDC-42A3-9474-1A3956D46DE8}") = "External Projects", "External Projects", "{544E8C4B-4100-38E8-9271-0FB19CC169F8}"
EndProject
Project("{2150E333-8FDC-42A3-9474-1A3956D46DE8}") = "Generated Messages", "Generated Messages", "{031E4BBE-78E8-3148-BB25-ABD32A87EBAB}"
EndProject
Project("{2150E333-8FDC-42A3-9474-1A3956D46DE8}") = "lib", "lib", "{BD8D4170-2C42-3DA0-A6B1-9D8D9BDF852F}"
EndProject
Project("{8BC9CEB8-8B4A-11D0-8D11-00A0C91BC942}") = "kodi", "kodi.vcxproj", "{FA6107A2-B53F-3719-9C1E-53B9098249C6}"
	ProjectSection(ProjectDependencies) = postProject
		{1A820AA7-0BA0-3D91-838F-15C9311E6694} = {1A820AA7-0BA0-3D91-838F-15C9311E6694}
		{C278D12A-E5C7-3FE7-9F39-7090018E2F8C} = {C278D12A-E5C7-3FE7-9F39-7090018E2F8C}
		{A33F71D6-D184-3E07-84E3-764D25A0D4FF} = {A33F71D6-D184-3E07-84E3-764D25A0D4FF}
		{97834766-E785-3FDC-AF24-CD5967E39EC1} = {97834766-E785-3FDC-AF24-CD5967E39EC1}
		{FBB48A38-BFBE-36E3-B991-3CF35348A6D1} = {FBB48A38-BFBE-36E3-B991-3CF35348A6D1}
		{40404376-BD2B-30FB-8DF8-B7C6F5562B15} = {40404376-BD2B-30FB-8DF8-B7C6F5562B15}
		{4A56C8C9-DAAB-322D-8859-1A53A7B67119} = {4A56C8C9-DAAB-322D-8859-1A53A7B67119}
		{0E8D2FA4-8C8C-317A-9280-728F23CF1D5C} = {0E8D2FA4-8C8C-317A-9280-728F23CF1D5C}
		{E0E50EF8-AE66-3563-AF48-D3B9B319242B} = {E0E50EF8-AE66-3563-AF48-D3B9B319242B}
		{6B60B199-6671-351A-8784-B4000C4D5ABA} = {6B60B199-6671-351A-8784-B4000C4D5ABA}
		{F3C50DF5-BAEB-3BE1-A48C-A140361BB78C} = {F3C50DF5-BAEB-3BE1-A48C-A140361BB78C}
	EndProjectSection
EndProject
Project("{8BC9CEB8-8B4A-11D0-8D11-00A0C91BC942}") = "ALL_BUILD", "ALL_BUILD.vcxproj", "{1496FAC0-2D5D-30C2-8572-8E9D8A823A3C}"
	ProjectSection(ProjectDependencies) = postProject
		{1A820AA7-0BA0-3D91-838F-15C9311E6694} = {1A820AA7-0BA0-3D91-838F-15C9311E6694}
		{36CF3793-8D48-324C-9144-EDCBE4EC1393} = {36CF3793-8D48-324C-9144-EDCBE4EC1393}
		{C278D12A-E5C7-3FE7-9F39-7090018E2F8C} = {C278D12A-E5C7-3FE7-9F39-7090018E2F8C}
		{A33F71D6-D184-3E07-84E3-764D25A0D4FF} = {A33F71D6-D184-3E07-84E3-764D25A0D4FF}
		{97834766-E785-3FDC-AF24-CD5967E39EC1} = {97834766-E785-3FDC-AF24-CD5967E39EC1}
		{DD8DD9D2-ABE6-306D-B005-102758A27CBE} = {DD8DD9D2-ABE6-306D-B005-102758A27CBE}
		{FBB48A38-BFBE-36E3-B991-3CF35348A6D1} = {FBB48A38-BFBE-36E3-B991-3CF35348A6D1}
		{FD414F78-62D3-3D3C-971C-D1C9732E45BD} = {FD414F78-62D3-3D3C-971C-D1C9732E45BD}
		{40404376-BD2B-30FB-8DF8-B7C6F5562B15} = {40404376-BD2B-30FB-8DF8-B7C6F5562B15}
		{35503B79-5AB2-37E8-88DF-23B459AEF94E} = {35503B79-5AB2-37E8-88DF-23B459AEF94E}
		{3AE66457-CAE0-3821-8F28-6C4640E80CB0} = {3AE66457-CAE0-3821-8F28-6C4640E80CB0}
		{22E1DA74-958D-39FC-8AA2-6EF1C612F6BD} = {22E1DA74-958D-39FC-8AA2-6EF1C612F6BD}
		{56ED4300-3FD8-325E-AFA5-6941DFFC92E1} = {56ED4300-3FD8-325E-AFA5-6941DFFC92E1}
		{9CE9C875-CBF4-34AA-AB7A-A5DF58E2A749} = {9CE9C875-CBF4-34AA-AB7A-A5DF58E2A749}
		{FA6107A2-B53F-3719-9C1E-53B9098249C6} = {FA6107A2-B53F-3719-9C1E-53B9098249C6}
		{0E8D2FA4-8C8C-317A-9280-728F23CF1D5C} = {0E8D2FA4-8C8C-317A-9280-728F23CF1D5C}
		{E0E50EF8-AE66-3563-AF48-D3B9B319242B} = {E0E50EF8-AE66-3563-AF48-D3B9B319242B}
		{6B60B199-6671-351A-8784-B4000C4D5ABA} = {6B60B199-6671-351A-8784-B4000C4D5ABA}
		{F3C50DF5-BAEB-3BE1-A48C-A140361BB78C} = {F3C50DF5-BAEB-3BE1-A48C-A140361BB78C}
	EndProjectSection
EndProject
Project("{8BC9CEB8-8B4A-11D0-8D11-00A0C91BC942}") = "RUN_TESTS", "RUN_TESTS.vcxproj", "{38893B24-ABC7-3508-917F-BE52B1C0CD7E}"
	ProjectSection(ProjectDependencies) = postProject
		{1A820AA7-0BA0-3D91-838F-15C9311E6694} = {1A820AA7-0BA0-3D91-838F-15C9311E6694}
	EndProjectSection
EndProject
Project("{8BC9CEB8-8B4A-11D0-8D11-00A0C91BC942}") = "ZERO_CHECK", "ZERO_CHECK.vcxproj", "{1A820AA7-0BA0-3D91-838F-15C9311E6694}"
	ProjectSection(ProjectDependencies) = postProject
	EndProjectSection
EndProject
Project("{8BC9CEB8-8B4A-11D0-8D11-00A0C91BC942}") = "build-JsonSchemaBuilder", "build-JsonSchemaBuilder.vcxproj", "{36CF3793-8D48-324C-9144-EDCBE4EC1393}"
	ProjectSection(ProjectDependencies) = postProject
		{1A820AA7-0BA0-3D91-838F-15C9311E6694} = {1A820AA7-0BA0-3D91-838F-15C9311E6694}
	EndProjectSection
EndProject
Project("{8BC9CEB8-8B4A-11D0-8D11-00A0C91BC942}") = "build-brotli", "build-brotli.vcxproj", "{72B3A9FC-7D90-3F1F-B56C-E168732977BD}"
	ProjectSection(ProjectDependencies) = postProject
		{1A820AA7-0BA0-3D91-838F-15C9311E6694} = {1A820AA7-0BA0-3D91-838F-15C9311E6694}
	EndProjectSection
EndProject
Project("{8BC9CEB8-8B4A-11D0-8D11-00A0C91BC942}") = "build-cec", "build-cec.vcxproj", "{2BD64834-C671-3CA3-96B6-AB052AEAEA8A}"
	ProjectSection(ProjectDependencies) = postProject
		{1A820AA7-0BA0-3D91-838F-15C9311E6694} = {1A820AA7-0BA0-3D91-838F-15C9311E6694}
	EndProjectSection
EndProject
Project("{8BC9CEB8-8B4A-11D0-8D11-00A0C91BC942}") = "build-crossguid", "build-crossguid.vcxproj", "{C278D12A-E5C7-3FE7-9F39-7090018E2F8C}"
	ProjectSection(ProjectDependencies) = postProject
		{1A820AA7-0BA0-3D91-838F-15C9311E6694} = {1A820AA7-0BA0-3D91-838F-15C9311E6694}
	EndProjectSection
EndProject
Project("{8BC9CEB8-8B4A-11D0-8D11-00A0C91BC942}") = "build-curl", "build-curl.vcxproj", "{7B1FBFEB-6030-39F8-B90D-6AC5E106C670}"
	ProjectSection(ProjectDependencies) = postProject
		{1A820AA7-0BA0-3D91-838F-15C9311E6694} = {1A820AA7-0BA0-3D91-838F-15C9311E6694}
	EndProjectSection
EndProject
Project("{8BC9CEB8-8B4A-11D0-8D11-00A0C91BC942}") = "build-dav1d", "build-dav1d.vcxproj", "{50BE8A04-D55A-3392-8575-C8E329809DB0}"
	ProjectSection(ProjectDependencies) = postProject
		{1A820AA7-0BA0-3D91-838F-15C9311E6694} = {1A820AA7-0BA0-3D91-838F-15C9311E6694}
	EndProjectSection
EndProject
Project("{8BC9CEB8-8B4A-11D0-8D11-00A0C91BC942}") = "build-effects11", "build-effects11.vcxproj", "{A33F71D6-D184-3E07-84E3-764D25A0D4FF}"
	ProjectSection(ProjectDependencies) = postProject
		{1A820AA7-0BA0-3D91-838F-15C9311E6694} = {1A820AA7-0BA0-3D91-838F-15C9311E6694}
	EndProjectSection
EndProject
Project("{8BC9CEB8-8B4A-11D0-8D11-00A0C91BC942}") = "build-exiv2", "build-exiv2.vcxproj", "{0BFA3E65-36AD-372C-8025-E0C1B972322A}"
	ProjectSection(ProjectDependencies) = postProject
		{1A820AA7-0BA0-3D91-838F-15C9311E6694} = {1A820AA7-0BA0-3D91-838F-15C9311E6694}
	EndProjectSection
EndProject
Project("{8BC9CEB8-8B4A-11D0-8D11-00A0C91BC942}") = "build-ffmpeg", "build-ffmpeg.vcxproj", "{97834766-E785-3FDC-AF24-CD5967E39EC1}"
	ProjectSection(ProjectDependencies) = postProject
		{1A820AA7-0BA0-3D91-838F-15C9311E6694} = {1A820AA7-0BA0-3D91-838F-15C9311E6694}
	EndProjectSection
EndProject
Project("{8BC9CEB8-8B4A-11D0-8D11-00A0C91BC942}") = "build-flatbuffers", "build-flatbuffers.vcxproj", "{C648DDD6-38D5-323A-8A16-A36AA1D60DFF}"
	ProjectSection(ProjectDependencies) = postProject
		{1A820AA7-0BA0-3D91-838F-15C9311E6694} = {1A820AA7-0BA0-3D91-838F-15C9311E6694}
	EndProjectSection
EndProject
Project("{8BC9CEB8-8B4A-11D0-8D11-00A0C91BC942}") = "build-fmt", "build-fmt.vcxproj", "{15DA45AC-2A8B-30FF-9552-B49F30D7C196}"
	ProjectSection(ProjectDependencies) = postProject
		{1A820AA7-0BA0-3D91-838F-15C9311E6694} = {1A820AA7-0BA0-3D91-838F-15C9311E6694}
	EndProjectSection
EndProject
Project("{8BC9CEB8-8B4A-11D0-8D11-00A0C91BC942}") = "build-lcms2", "build-lcms2.vcxproj", "{1889FBCF-6B41-30F3-B4BB-5D9618409193}"
	ProjectSection(ProjectDependencies) = postProject
		{1A820AA7-0BA0-3D91-838F-15C9311E6694} = {1A820AA7-0BA0-3D91-838F-15C9311E6694}
	EndProjectSection
EndProject
Project("{8BC9CEB8-8B4A-11D0-8D11-00A0C91BC942}") = "build-libass", "build-libass.vcxproj", "{E0D6FD89-5E1B-3E0E-BF18-0B86F711BFBF}"
	ProjectSection(ProjectDependencies) = postProject
		{1A820AA7-0BA0-3D91-838F-15C9311E6694} = {1A820AA7-0BA0-3D91-838F-15C9311E6694}
	EndProjectSection
EndProject
Project("{8BC9CEB8-8B4A-11D0-8D11-00A0C91BC942}") = "build-libbluray", "build-libbluray.vcxproj", "{89025F2A-C629-35BA-A5CD-CC06DC54935E}"
	ProjectSection(ProjectDependencies) = postProject
		{1A820AA7-0BA0-3D91-838F-15C9311E6694} = {1A820AA7-0BA0-3D91-838F-15C9311E6694}
	EndProjectSection
EndProject
Project("{8BC9CEB8-8B4A-11D0-8D11-00A0C91BC942}") = "build-libdvdcss", "build-libdvdcss.vcxproj", "{DD8DD9D2-ABE6-306D-B005-102758A27CBE}"
	ProjectSection(ProjectDependencies) = postProject
		{1A820AA7-0BA0-3D91-838F-15C9311E6694} = {1A820AA7-0BA0-3D91-838F-15C9311E6694}
	EndProjectSection
EndProject
Project("{8BC9CEB8-8B4A-11D0-8D11-00A0C91BC942}") = "build-libdvdnav", "build-libdvdnav.vcxproj", "{FBB48A38-BFBE-36E3-B991-3CF35348A6D1}"
	ProjectSection(ProjectDependencies) = postProject
		{1A820AA7-0BA0-3D91-838F-15C9311E6694} = {1A820AA7-0BA0-3D91-838F-15C9311E6694}
		{DD8DD9D2-ABE6-306D-B005-102758A27CBE} = {DD8DD9D2-ABE6-306D-B005-102758A27CBE}
		{FD414F78-62D3-3D3C-971C-D1C9732E45BD} = {FD414F78-62D3-3D3C-971C-D1C9732E45BD}
	EndProjectSection
EndProject
Project("{8BC9CEB8-8B4A-11D0-8D11-00A0C91BC942}") = "build-libdvdread", "build-libdvdread.vcxproj", "{FD414F78-62D3-3D3C-971C-D1C9732E45BD}"
	ProjectSection(ProjectDependencies) = postProject
		{1A820AA7-0BA0-3D91-838F-15C9311E6694} = {1A820AA7-0BA0-3D91-838F-15C9311E6694}
		{DD8DD9D2-ABE6-306D-B005-102758A27CBE} = {DD8DD9D2-ABE6-306D-B005-102758A27CBE}
	EndProjectSection
EndProject
Project("{8BC9CEB8-8B4A-11D0-8D11-00A0C91BC942}") = "build-liblzo2", "build-liblzo2.vcxproj", "{40404376-BD2B-30FB-8DF8-B7C6F5562B15}"
	ProjectSection(ProjectDependencies) = postProject
		{1A820AA7-0BA0-3D91-838F-15C9311E6694} = {1A820AA7-0BA0-3D91-838F-15C9311E6694}
	EndProjectSection
EndProject
Project("{8BC9CEB8-8B4A-11D0-8D11-00A0C91BC942}") = "build-libmicrohttpd", "build-libmicrohttpd.vcxproj", "{8D4AD615-197F-37FE-8037-B631D20BC279}"
	ProjectSection(ProjectDependencies) = postProject
		{1A820AA7-0BA0-3D91-838F-15C9311E6694} = {1A820AA7-0BA0-3D91-838F-15C9311E6694}
	EndProjectSection
EndProject
Project("{8BC9CEB8-8B4A-11D0-8D11-00A0C91BC942}") = "build-libnfs", "build-libnfs.vcxproj", "{86158AEA-85A7-3F42-A19B-EA36B1D99851}"
	ProjectSection(ProjectDependencies) = postProject
		{1A820AA7-0BA0-3D91-838F-15C9311E6694} = {1A820AA7-0BA0-3D91-838F-15C9311E6694}
	EndProjectSection
EndProject
Project("{8BC9CEB8-8B4A-11D0-8D11-00A0C91BC942}") = "build-libxslt", "build-libxslt.vcxproj", "{3260E76E-D13B-374C-9068-1A4AADF1605D}"
	ProjectSection(ProjectDependencies) = postProject
		{1A820AA7-0BA0-3D91-838F-15C9311E6694} = {1A820AA7-0BA0-3D91-838F-15C9311E6694}
	EndProjectSection
EndProject
Project("{8BC9CEB8-8B4A-11D0-8D11-00A0C91BC942}") = "build-mariadb", "build-mariadb.vcxproj", "{5F8DABF8-DEC1-3AE9-B827-160307A75503}"
	ProjectSection(ProjectDependencies) = postProject
		{1A820AA7-0BA0-3D91-838F-15C9311E6694} = {1A820AA7-0BA0-3D91-838F-15C9311E6694}
	EndProjectSection
EndProject
Project("{8BC9CEB8-8B4A-11D0-8D11-00A0C91BC942}") = "build-nghttp2", "build-nghttp2.vcxproj", "{5D615D39-B69E-3269-920D-FCA874927CC2}"
	ProjectSection(ProjectDependencies) = postProject
		{1A820AA7-0BA0-3D91-838F-15C9311E6694} = {1A820AA7-0BA0-3D91-838F-15C9311E6694}
	EndProjectSection
EndProject
Project("{8BC9CEB8-8B4A-11D0-8D11-00A0C91BC942}") = "build-nlohmann_json", "build-nlohmann_json.vcxproj", "{125206E1-5CE0-3EAF-89FC-82A34D1F7EB2}"
	ProjectSection(ProjectDependencies) = postProject
		{1A820AA7-0BA0-3D91-838F-15C9311E6694} = {1A820AA7-0BA0-3D91-838F-15C9311E6694}
	EndProjectSection
EndProject
Project("{8BC9CEB8-8B4A-11D0-8D11-00A0C91BC942}") = "build-p8-platform", "build-p8-platform.vcxproj", "{6A91E071-418E-3622-9F9B-9B6E0E084648}"
	ProjectSection(ProjectDependencies) = postProject
		{1A820AA7-0BA0-3D91-838F-15C9311E6694} = {1A820AA7-0BA0-3D91-838F-15C9311E6694}
	EndProjectSection
EndProject
Project("{8BC9CEB8-8B4A-11D0-8D11-00A0C91BC942}") = "build-pcre2", "build-pcre2.vcxproj", "{DC761303-49EF-30FC-9309-9C9F1877130C}"
	ProjectSection(ProjectDependencies) = postProject
		{1A820AA7-0BA0-3D91-838F-15C9311E6694} = {1A820AA7-0BA0-3D91-838F-15C9311E6694}
	EndProjectSection
EndProject
Project("{8BC9CEB8-8B4A-11D0-8D11-00A0C91BC942}") = "build-spdlog", "build-spdlog.vcxproj", "{2556BFBF-B1D5-361B-A0C4-BA8150F59561}"
	ProjectSection(ProjectDependencies) = postProject
		{1A820AA7-0BA0-3D91-838F-15C9311E6694} = {1A820AA7-0BA0-3D91-838F-15C9311E6694}
	EndProjectSection
EndProject
Project("{8BC9CEB8-8B4A-11D0-8D11-00A0C91BC942}") = "build-taglib", "build-taglib.vcxproj", "{DA9375F6-86B9-311C-BBAB-57C8914CE75F}"
	ProjectSection(ProjectDependencies) = postProject
		{1A820AA7-0BA0-3D91-838F-15C9311E6694} = {1A820AA7-0BA0-3D91-838F-15C9311E6694}
	EndProjectSection
EndProject
Project("{8BC9CEB8-8B4A-11D0-8D11-00A0C91BC942}") = "build-tinyxml2", "build-tinyxml2.vcxproj", "{17E9AA1C-899B-3A05-902E-C6A40AFFB578}"
	ProjectSection(ProjectDependencies) = postProject
		{1A820AA7-0BA0-3D91-838F-15C9311E6694} = {1A820AA7-0BA0-3D91-838F-15C9311E6694}
	EndProjectSection
EndProject
Project("{8BC9CEB8-8B4A-11D0-8D11-00A0C91BC942}") = "build-udfread", "build-udfread.vcxproj", "{A1037EAA-0EAC-3A89-B423-EF67042E4BD9}"
	ProjectSection(ProjectDependencies) = postProject
		{1A820AA7-0BA0-3D91-838F-15C9311E6694} = {1A820AA7-0BA0-3D91-838F-15C9311E6694}
	EndProjectSection
EndProject
Project("{8BC9CEB8-8B4A-11D0-8D11-00A0C91BC942}") = "build-utfcpp", "build-utfcpp.vcxproj", "{491A6F29-ABDF-3F47-8808-12E9A9CAF9D1}"
	ProjectSection(ProjectDependencies) = postProject
		{1A820AA7-0BA0-3D91-838F-15C9311E6694} = {1A820AA7-0BA0-3D91-838F-15C9311E6694}
	EndProjectSection
EndProject
Project("{8BC9CEB8-8B4A-11D0-8D11-00A0C91BC942}") = "build_internal_depends", "build_internal_depends.vcxproj", "{A10B461A-A2DD-3AA4-A394-EE27262CA9F7}"
	ProjectSection(ProjectDependencies) = postProject
		{1A820AA7-0BA0-3D91-838F-15C9311E6694} = {1A820AA7-0BA0-3D91-838F-15C9311E6694}
		{72B3A9FC-7D90-3F1F-B56C-E168732977BD} = {72B3A9FC-7D90-3F1F-B56C-E168732977BD}
		{2BD64834-C671-3CA3-96B6-AB052AEAEA8A} = {2BD64834-C671-3CA3-96B6-AB052AEAEA8A}
		{C278D12A-E5C7-3FE7-9F39-7090018E2F8C} = {C278D12A-E5C7-3FE7-9F39-7090018E2F8C}
		{7B1FBFEB-6030-39F8-B90D-6AC5E106C670} = {7B1FBFEB-6030-39F8-B90D-6AC5E106C670}
		{50BE8A04-D55A-3392-8575-C8E329809DB0} = {50BE8A04-D55A-3392-8575-C8E329809DB0}
		{A33F71D6-D184-3E07-84E3-764D25A0D4FF} = {A33F71D6-D184-3E07-84E3-764D25A0D4FF}
		{0BFA3E65-36AD-372C-8025-E0C1B972322A} = {0BFA3E65-36AD-372C-8025-E0C1B972322A}
		{C648DDD6-38D5-323A-8A16-A36AA1D60DFF} = {C648DDD6-38D5-323A-8A16-A36AA1D60DFF}
		{15DA45AC-2A8B-30FF-9552-B49F30D7C196} = {15DA45AC-2A8B-30FF-9552-B49F30D7C196}
		{1889FBCF-6B41-30F3-B4BB-5D9618409193} = {1889FBCF-6B41-30F3-B4BB-5D9618409193}
		{E0D6FD89-5E1B-3E0E-BF18-0B86F711BFBF} = {E0D6FD89-5E1B-3E0E-BF18-0B86F711BFBF}
		{89025F2A-C629-35BA-A5CD-CC06DC54935E} = {89025F2A-C629-35BA-A5CD-CC06DC54935E}
		{40404376-BD2B-30FB-8DF8-B7C6F5562B15} = {40404376-BD2B-30FB-8DF8-B7C6F5562B15}
		{8D4AD615-197F-37FE-8037-B631D20BC279} = {8D4AD615-197F-37FE-8037-B631D20BC279}
		{86158AEA-85A7-3F42-A19B-EA36B1D99851} = {86158AEA-85A7-3F42-A19B-EA36B1D99851}
		{3260E76E-D13B-374C-9068-1A4AADF1605D} = {3260E76E-D13B-374C-9068-1A4AADF1605D}
		{5F8DABF8-DEC1-3AE9-B827-160307A75503} = {5F8DABF8-DEC1-3AE9-B827-160307A75503}
		{5D615D39-B69E-3269-920D-FCA874927CC2} = {5D615D39-B69E-3269-920D-FCA874927CC2}
		{125206E1-5CE0-3EAF-89FC-82A34D1F7EB2} = {125206E1-5CE0-3EAF-89FC-82A34D1F7EB2}
		{6A91E071-418E-3622-9F9B-9B6E0E084648} = {6A91E071-418E-3622-9F9B-9B6E0E084648}
		{DC761303-49EF-30FC-9309-9C9F1877130C} = {DC761303-49EF-30FC-9309-9C9F1877130C}
		{2556BFBF-B1D5-361B-A0C4-BA8150F59561} = {2556BFBF-B1D5-361B-A0C4-BA8150F59561}
		{DA9375F6-86B9-311C-BBAB-57C8914CE75F} = {DA9375F6-86B9-311C-BBAB-57C8914CE75F}
		{17E9AA1C-899B-3A05-902E-C6A40AFFB578} = {17E9AA1C-899B-3A05-902E-C6A40AFFB578}
		{A1037EAA-0EAC-3A89-B423-EF67042E4BD9} = {A1037EAA-0EAC-3A89-B423-EF67042E4BD9}
		{491A6F29-ABDF-3F47-8808-12E9A9CAF9D1} = {491A6F29-ABDF-3F47-8808-12E9A9CAF9D1}
	EndProjectSection
EndProject
Project("{8BC9CEB8-8B4A-11D0-8D11-00A0C91BC942}") = "check", "check.vcxproj", "{E88DC30E-001B-304C-8C53-BB9C1BDF0787}"
	ProjectSection(ProjectDependencies) = postProject
		{1A820AA7-0BA0-3D91-838F-15C9311E6694} = {1A820AA7-0BA0-3D91-838F-15C9311E6694}
		{47E0CAF1-11C9-358A-A985-48BF0EA577CA} = {47E0CAF1-11C9-358A-A985-48BF0EA577CA}
	EndProjectSection
EndProject
Project("{8BC9CEB8-8B4A-11D0-8D11-00A0C91BC942}") = "check-commits", "check-commits.vcxproj", "{72C6AD02-A1DD-3F2B-9B61-AA4428150A4F}"
	ProjectSection(ProjectDependencies) = postProject
		{1A820AA7-0BA0-3D91-838F-15C9311E6694} = {1A820AA7-0BA0-3D91-838F-15C9311E6694}
	EndProjectSection
EndProject
Project("{8BC9CEB8-8B4A-11D0-8D11-00A0C91BC942}") = "compileinfo", "compileinfo.vcxproj", "{35503B79-5AB2-37E8-88DF-23B459AEF94E}"
	ProjectSection(ProjectDependencies) = postProject
		{1A820AA7-0BA0-3D91-838F-15C9311E6694} = {1A820AA7-0BA0-3D91-838F-15C9311E6694}
	EndProjectSection
EndProject
Project("{8BC9CEB8-8B4A-11D0-8D11-00A0C91BC942}") = "export-files", "export-files.vcxproj", "{3AE66457-CAE0-3821-8F28-6C4640E80CB0}"
	ProjectSection(ProjectDependencies) = postProject
		{1A820AA7-0BA0-3D91-838F-15C9311E6694} = {1A820AA7-0BA0-3D91-838F-15C9311E6694}
		{C278D12A-E5C7-3FE7-9F39-7090018E2F8C} = {C278D12A-E5C7-3FE7-9F39-7090018E2F8C}
		{A33F71D6-D184-3E07-84E3-764D25A0D4FF} = {A33F71D6-D184-3E07-84E3-764D25A0D4FF}
		{97834766-E785-3FDC-AF24-CD5967E39EC1} = {97834766-E785-3FDC-AF24-CD5967E39EC1}
		{FBB48A38-BFBE-36E3-B991-3CF35348A6D1} = {FBB48A38-BFBE-36E3-B991-3CF35348A6D1}
		{40404376-BD2B-30FB-8DF8-B7C6F5562B15} = {40404376-BD2B-30FB-8DF8-B7C6F5562B15}
	EndProjectSection
EndProject
Project("{8BC9CEB8-8B4A-11D0-8D11-00A0C91BC942}") = "gen_skin_pack", "gen_skin_pack.vcxproj", "{BD74191A-AC12-34BC-90CB-DAE101F9E2BA}"
	ProjectSection(ProjectDependencies) = postProject
		{1A820AA7-0BA0-3D91-838F-15C9311E6694} = {1A820AA7-0BA0-3D91-838F-15C9311E6694}
	EndProjectSection
EndProject
Project("{8BC9CEB8-8B4A-11D0-8D11-00A0C91BC942}") = "gen_system_addons", "gen_system_addons.vcxproj", "{705F4AEE-853F-34A4-ADF9-E5F7BC8199B6}"
	ProjectSection(ProjectDependencies) = postProject
		{1A820AA7-0BA0-3D91-838F-15C9311E6694} = {1A820AA7-0BA0-3D91-838F-15C9311E6694}
	EndProjectSection
EndProject
Project("{8BC9CEB8-8B4A-11D0-8D11-00A0C91BC942}") = "generate-packaging", "generate-packaging.vcxproj", "{22E1DA74-958D-39FC-8AA2-6EF1C612F6BD}"
	ProjectSection(ProjectDependencies) = postProject
		{1A820AA7-0BA0-3D91-838F-15C9311E6694} = {1A820AA7-0BA0-3D91-838F-15C9311E6694}
		{3AE66457-CAE0-3821-8F28-6C4640E80CB0} = {3AE66457-CAE0-3821-8F28-6C4640E80CB0}
		{BD74191A-AC12-34BC-90CB-DAE101F9E2BA} = {BD74191A-AC12-34BC-90CB-DAE101F9E2BA}
		{705F4AEE-853F-34A4-ADF9-E5F7BC8199B6} = {705F4AEE-853F-34A4-ADF9-E5F7BC8199B6}
	EndProjectSection
EndProject
Project("{8BC9CEB8-8B4A-11D0-8D11-00A0C91BC942}") = "generate_json_header", "build\interfaces\json-rpc\schema\generate_json_header.vcxproj", "{56ED4300-3FD8-325E-AFA5-6941DFFC92E1}"
	ProjectSection(ProjectDependencies) = postProject
		{1A820AA7-0BA0-3D91-838F-15C9311E6694} = {1A820AA7-0BA0-3D91-838F-15C9311E6694}
		{36CF3793-8D48-324C-9144-EDCBE4EC1393} = {36CF3793-8D48-324C-9144-EDCBE4EC1393}
	EndProjectSection
EndProject
Project("{8BC9CEB8-8B4A-11D0-8D11-00A0C91BC942}") = "generate_shaders", "build\guilib\generate_shaders.vcxproj", "{9CE9C875-CBF4-34AA-AB7A-A5DF58E2A749}"
	ProjectSection(ProjectDependencies) = postProject
		{1A820AA7-0BA0-3D91-838F-15C9311E6694} = {1A820AA7-0BA0-3D91-838F-15C9311E6694}
	EndProjectSection
EndProject
Project("{8BC9CEB8-8B4A-11D0-8D11-00A0C91BC942}") = "kodi-libraries", "kodi-libraries.vcxproj", "{4A56C8C9-DAAB-322D-8859-1A53A7B67119}"
	ProjectSection(ProjectDependencies) = postProject
		{1A820AA7-0BA0-3D91-838F-15C9311E6694} = {1A820AA7-0BA0-3D91-838F-15C9311E6694}
	EndProjectSection
EndProject
Project("{8BC9CEB8-8B4A-11D0-8D11-00A0C91BC942}") = "kodi-test", "kodi-test.vcxproj", "{47E0CAF1-11C9-358A-A985-48BF0EA577CA}"
	ProjectSection(ProjectDependencies) = postProject
		{1A820AA7-0BA0-3D91-838F-15C9311E6694} = {1A820AA7-0BA0-3D91-838F-15C9311E6694}
		{C278D12A-E5C7-3FE7-9F39-7090018E2F8C} = {C278D12A-E5C7-3FE7-9F39-7090018E2F8C}
		{A33F71D6-D184-3E07-84E3-764D25A0D4FF} = {A33F71D6-D184-3E07-84E3-764D25A0D4FF}
		{97834766-E785-3FDC-AF24-CD5967E39EC1} = {97834766-E785-3FDC-AF24-CD5967E39EC1}
		{FBB48A38-BFBE-36E3-B991-3CF35348A6D1} = {FBB48A38-BFBE-36E3-B991-3CF35348A6D1}
		{40404376-BD2B-30FB-8DF8-B7C6F5562B15} = {40404376-BD2B-30FB-8DF8-B7C6F5562B15}
		{0E8D2FA4-8C8C-317A-9280-728F23CF1D5C} = {0E8D2FA4-8C8C-317A-9280-728F23CF1D5C}
		{E0E50EF8-AE66-3563-AF48-D3B9B319242B} = {E0E50EF8-AE66-3563-AF48-D3B9B319242B}
		{F3C50DF5-BAEB-3BE1-A48C-A140361BB78C} = {F3C50DF5-BAEB-3BE1-A48C-A140361BB78C}
	EndProjectSection
EndProject
Project("{8BC9CEB8-8B4A-11D0-8D11-00A0C91BC942}") = "libkodi", "libkodi.vcxproj", "{0E8D2FA4-8C8C-317A-9280-728F23CF1D5C}"
	ProjectSection(ProjectDependencies) = postProject
		{1A820AA7-0BA0-3D91-838F-15C9311E6694} = {1A820AA7-0BA0-3D91-838F-15C9311E6694}
		{C278D12A-E5C7-3FE7-9F39-7090018E2F8C} = {C278D12A-E5C7-3FE7-9F39-7090018E2F8C}
		{A33F71D6-D184-3E07-84E3-764D25A0D4FF} = {A33F71D6-D184-3E07-84E3-764D25A0D4FF}
		{97834766-E785-3FDC-AF24-CD5967E39EC1} = {97834766-E785-3FDC-AF24-CD5967E39EC1}
		{FBB48A38-BFBE-36E3-B991-3CF35348A6D1} = {FBB48A38-BFBE-36E3-B991-3CF35348A6D1}
		{40404376-BD2B-30FB-8DF8-B7C6F5562B15} = {40404376-BD2B-30FB-8DF8-B7C6F5562B15}
		{35503B79-5AB2-37E8-88DF-23B459AEF94E} = {35503B79-5AB2-37E8-88DF-23B459AEF94E}
		{22E1DA74-958D-39FC-8AA2-6EF1C612F6BD} = {22E1DA74-958D-39FC-8AA2-6EF1C612F6BD}
		{56ED4300-3FD8-325E-AFA5-6941DFFC92E1} = {56ED4300-3FD8-325E-AFA5-6941DFFC92E1}
		{9CE9C875-CBF4-34AA-AB7A-A5DF58E2A749} = {9CE9C875-CBF4-34AA-AB7A-A5DF58E2A749}
		{E0E50EF8-AE66-3563-AF48-D3B9B319242B} = {E0E50EF8-AE66-3563-AF48-D3B9B319242B}
		{0FD9D37E-6BB9-3AE4-8EC3-50231783714E} = {0FD9D37E-6BB9-3AE4-8EC3-50231783714E}
		{F3C50DF5-BAEB-3BE1-A48C-A140361BB78C} = {F3C50DF5-BAEB-3BE1-A48C-A140361BB78C}
	EndProjectSection
EndProject
Project("{8BC9CEB8-8B4A-11D0-8D11-00A0C91BC942}") = "python_binding", "build\swig\python_binding.vcxproj", "{E0E50EF8-AE66-3563-AF48-D3B9B319242B}"
	ProjectSection(ProjectDependencies) = postProject
		{1A820AA7-0BA0-3D91-838F-15C9311E6694} = {1A820AA7-0BA0-3D91-838F-15C9311E6694}
		{C278D12A-E5C7-3FE7-9F39-7090018E2F8C} = {C278D12A-E5C7-3FE7-9F39-7090018E2F8C}
		{A33F71D6-D184-3E07-84E3-764D25A0D4FF} = {A33F71D6-D184-3E07-84E3-764D25A0D4FF}
		{97834766-E785-3FDC-AF24-CD5967E39EC1} = {97834766-E785-3FDC-AF24-CD5967E39EC1}
		{FBB48A38-BFBE-36E3-B991-3CF35348A6D1} = {FBB48A38-BFBE-36E3-B991-3CF35348A6D1}
		{40404376-BD2B-30FB-8DF8-B7C6F5562B15} = {40404376-BD2B-30FB-8DF8-B7C6F5562B15}
	EndProjectSection
EndProject
Project("{8BC9CEB8-8B4A-11D0-8D11-00A0C91BC942}") = "resources", "resources.vcxproj", "{6B60B199-6671-351A-8784-B4000C4D5ABA}"
	ProjectSection(ProjectDependencies) = postProject
		{1A820AA7-0BA0-3D91-838F-15C9311E6694} = {1A820AA7-0BA0-3D91-838F-15C9311E6694}
	EndProjectSection
EndProject
Project("{8BC9CEB8-8B4A-11D0-8D11-00A0C91BC942}") = "retroplayer_messages", "build\cores\RetroPlayer\messages\retroplayer_messages.vcxproj", "{0FD9D37E-6BB9-3AE4-8EC3-50231783714E}"
	ProjectSection(ProjectDependencies) = postProject
		{1A820AA7-0BA0-3D91-838F-15C9311E6694} = {1A820AA7-0BA0-3D91-838F-15C9311E6694}
	EndProjectSection
EndProject
Project("{8BC9CEB8-8B4A-11D0-8D11-00A0C91BC942}") = "upnp", "build\upnp\upnp.vcxproj", "{F3C50DF5-BAEB-3BE1-A48C-A140361BB78C}"
	ProjectSection(ProjectDependencies) = postProject
		{1A820AA7-0BA0-3D91-838F-15C9311E6694} = {1A820AA7-0BA0-3D91-838F-15C9311E6694}
	EndProjectSection
EndProject
Global
	GlobalSection(SolutionConfigurationPlatforms) = preSolution
		Debug|x64 = Debug|x64
		Release|x64 = Release|x64
		MinSizeRel|x64 = MinSizeRel|x64
		RelWithDebInfo|x64 = RelWithDebInfo|x64
	EndGlobalSection
	GlobalSection(ProjectConfigurationPlatforms) = postSolution
		{FA6107A2-B53F-3719-9C1E-53B9098249C6}.Debug|x64.ActiveCfg = Debug|x64
		{FA6107A2-B53F-3719-9C1E-53B9098249C6}.Debug|x64.Build.0 = Debug|x64
		{FA6107A2-B53F-3719-9C1E-53B9098249C6}.Release|x64.ActiveCfg = Release|x64
		{FA6107A2-B53F-3719-9C1E-53B9098249C6}.Release|x64.Build.0 = Release|x64
		{FA6107A2-B53F-3719-9C1E-53B9098249C6}.MinSizeRel|x64.ActiveCfg = MinSizeRel|x64
		{FA6107A2-B53F-3719-9C1E-53B9098249C6}.MinSizeRel|x64.Build.0 = MinSizeRel|x64
		{FA6107A2-B53F-3719-9C1E-53B9098249C6}.RelWithDebInfo|x64.ActiveCfg = RelWithDebInfo|x64
		{FA6107A2-B53F-3719-9C1E-53B9098249C6}.RelWithDebInfo|x64.Build.0 = RelWithDebInfo|x64
		{1496FAC0-2D5D-30C2-8572-8E9D8A823A3C}.Debug|x64.ActiveCfg = Debug|x64
		{1496FAC0-2D5D-30C2-8572-8E9D8A823A3C}.Release|x64.ActiveCfg = Release|x64
		{1496FAC0-2D5D-30C2-8572-8E9D8A823A3C}.MinSizeRel|x64.ActiveCfg = MinSizeRel|x64
		{1496FAC0-2D5D-30C2-8572-8E9D8A823A3C}.RelWithDebInfo|x64.ActiveCfg = RelWithDebInfo|x64
		{38893B24-ABC7-3508-917F-BE52B1C0CD7E}.Debug|x64.ActiveCfg = Debug|x64
		{38893B24-ABC7-3508-917F-BE52B1C0CD7E}.Release|x64.ActiveCfg = Release|x64
		{38893B24-ABC7-3508-917F-BE52B1C0CD7E}.MinSizeRel|x64.ActiveCfg = MinSizeRel|x64
		{38893B24-ABC7-3508-917F-BE52B1C0CD7E}.RelWithDebInfo|x64.ActiveCfg = RelWithDebInfo|x64
		{1A820AA7-0BA0-3D91-838F-15C9311E6694}.Debug|x64.ActiveCfg = Debug|x64
		{1A820AA7-0BA0-3D91-838F-15C9311E6694}.Debug|x64.Build.0 = Debug|x64
		{1A820AA7-0BA0-3D91-838F-15C9311E6694}.Release|x64.ActiveCfg = Release|x64
		{1A820AA7-0BA0-3D91-838F-15C9311E6694}.Release|x64.Build.0 = Release|x64
		{1A820AA7-0BA0-3D91-838F-15C9311E6694}.MinSizeRel|x64.ActiveCfg = MinSizeRel|x64
		{1A820AA7-0BA0-3D91-838F-15C9311E6694}.MinSizeRel|x64.Build.0 = MinSizeRel|x64
		{1A820AA7-0BA0-3D91-838F-15C9311E6694}.RelWithDebInfo|x64.ActiveCfg = RelWithDebInfo|x64
		{1A820AA7-0BA0-3D91-838F-15C9311E6694}.RelWithDebInfo|x64.Build.0 = RelWithDebInfo|x64
		{36CF3793-8D48-324C-9144-EDCBE4EC1393}.Debug|x64.ActiveCfg = Debug|x64
		{36CF3793-8D48-324C-9144-EDCBE4EC1393}.Debug|x64.Build.0 = Debug|x64
		{36CF3793-8D48-324C-9144-EDCBE4EC1393}.Release|x64.ActiveCfg = Release|x64
		{36CF3793-8D48-324C-9144-EDCBE4EC1393}.Release|x64.Build.0 = Release|x64
		{36CF3793-8D48-324C-9144-EDCBE4EC1393}.MinSizeRel|x64.ActiveCfg = MinSizeRel|x64
		{36CF3793-8D48-324C-9144-EDCBE4EC1393}.MinSizeRel|x64.Build.0 = MinSizeRel|x64
		{36CF3793-8D48-324C-9144-EDCBE4EC1393}.RelWithDebInfo|x64.ActiveCfg = RelWithDebInfo|x64
		{36CF3793-8D48-324C-9144-EDCBE4EC1393}.RelWithDebInfo|x64.Build.0 = RelWithDebInfo|x64
		{72B3A9FC-7D90-3F1F-B56C-E168732977BD}.Debug|x64.ActiveCfg = Debug|x64
		{72B3A9FC-7D90-3F1F-B56C-E168732977BD}.Debug|x64.Build.0 = Debug|x64
		{72B3A9FC-7D90-3F1F-B56C-E168732977BD}.Release|x64.ActiveCfg = Release|x64
		{72B3A9FC-7D90-3F1F-B56C-E168732977BD}.Release|x64.Build.0 = Release|x64
		{72B3A9FC-7D90-3F1F-B56C-E168732977BD}.MinSizeRel|x64.ActiveCfg = MinSizeRel|x64
		{72B3A9FC-7D90-3F1F-B56C-E168732977BD}.MinSizeRel|x64.Build.0 = MinSizeRel|x64
		{72B3A9FC-7D90-3F1F-B56C-E168732977BD}.RelWithDebInfo|x64.ActiveCfg = RelWithDebInfo|x64
		{72B3A9FC-7D90-3F1F-B56C-E168732977BD}.RelWithDebInfo|x64.Build.0 = RelWithDebInfo|x64
		{2BD64834-C671-3CA3-96B6-AB052AEAEA8A}.Debug|x64.ActiveCfg = Debug|x64
		{2BD64834-C671-3CA3-96B6-AB052AEAEA8A}.Debug|x64.Build.0 = Debug|x64
		{2BD64834-C671-3CA3-96B6-AB052AEAEA8A}.Release|x64.ActiveCfg = Release|x64
		{2BD64834-C671-3CA3-96B6-AB052AEAEA8A}.Release|x64.Build.0 = Release|x64
		{2BD64834-C671-3CA3-96B6-AB052AEAEA8A}.MinSizeRel|x64.ActiveCfg = MinSizeRel|x64
		{2BD64834-C671-3CA3-96B6-AB052AEAEA8A}.MinSizeRel|x64.Build.0 = MinSizeRel|x64
		{2BD64834-C671-3CA3-96B6-AB052AEAEA8A}.RelWithDebInfo|x64.ActiveCfg = RelWithDebInfo|x64
		{2BD64834-C671-3CA3-96B6-AB052AEAEA8A}.RelWithDebInfo|x64.Build.0 = RelWithDebInfo|x64
		{C278D12A-E5C7-3FE7-9F39-7090018E2F8C}.Debug|x64.ActiveCfg = Debug|x64
		{C278D12A-E5C7-3FE7-9F39-7090018E2F8C}.Debug|x64.Build.0 = Debug|x64
		{C278D12A-E5C7-3FE7-9F39-7090018E2F8C}.Release|x64.ActiveCfg = Release|x64
		{C278D12A-E5C7-3FE7-9F39-7090018E2F8C}.Release|x64.Build.0 = Release|x64
		{C278D12A-E5C7-3FE7-9F39-7090018E2F8C}.MinSizeRel|x64.ActiveCfg = MinSizeRel|x64
		{C278D12A-E5C7-3FE7-9F39-7090018E2F8C}.MinSizeRel|x64.Build.0 = MinSizeRel|x64
		{C278D12A-E5C7-3FE7-9F39-7090018E2F8C}.RelWithDebInfo|x64.ActiveCfg = RelWithDebInfo|x64
		{C278D12A-E5C7-3FE7-9F39-7090018E2F8C}.RelWithDebInfo|x64.Build.0 = RelWithDebInfo|x64
		{7B1FBFEB-6030-39F8-B90D-6AC5E106C670}.Debug|x64.ActiveCfg = Debug|x64
		{7B1FBFEB-6030-39F8-B90D-6AC5E106C670}.Debug|x64.Build.0 = Debug|x64
		{7B1FBFEB-6030-39F8-B90D-6AC5E106C670}.Release|x64.ActiveCfg = Release|x64
		{7B1FBFEB-6030-39F8-B90D-6AC5E106C670}.Release|x64.Build.0 = Release|x64
		{7B1FBFEB-6030-39F8-B90D-6AC5E106C670}.MinSizeRel|x64.ActiveCfg = MinSizeRel|x64
		{7B1FBFEB-6030-39F8-B90D-6AC5E106C670}.MinSizeRel|x64.Build.0 = MinSizeRel|x64
		{7B1FBFEB-6030-39F8-B90D-6AC5E106C670}.RelWithDebInfo|x64.ActiveCfg = RelWithDebInfo|x64
		{7B1FBFEB-6030-39F8-B90D-6AC5E106C670}.RelWithDebInfo|x64.Build.0 = RelWithDebInfo|x64
		{50BE8A04-D55A-3392-8575-C8E329809DB0}.Debug|x64.ActiveCfg = Debug|x64
		{50BE8A04-D55A-3392-8575-C8E329809DB0}.Debug|x64.Build.0 = Debug|x64
		{50BE8A04-D55A-3392-8575-C8E329809DB0}.Release|x64.ActiveCfg = Release|x64
		{50BE8A04-D55A-3392-8575-C8E329809DB0}.Release|x64.Build.0 = Release|x64
		{50BE8A04-D55A-3392-8575-C8E329809DB0}.MinSizeRel|x64.ActiveCfg = MinSizeRel|x64
		{50BE8A04-D55A-3392-8575-C8E329809DB0}.MinSizeRel|x64.Build.0 = MinSizeRel|x64
		{50BE8A04-D55A-3392-8575-C8E329809DB0}.RelWithDebInfo|x64.ActiveCfg = RelWithDebInfo|x64
		{50BE8A04-D55A-3392-8575-C8E329809DB0}.RelWithDebInfo|x64.Build.0 = RelWithDebInfo|x64
		{A33F71D6-D184-3E07-84E3-764D25A0D4FF}.Debug|x64.ActiveCfg = Debug|x64
		{A33F71D6-D184-3E07-84E3-764D25A0D4FF}.Debug|x64.Build.0 = Debug|x64
		{A33F71D6-D184-3E07-84E3-764D25A0D4FF}.Release|x64.ActiveCfg = Release|x64
		{A33F71D6-D184-3E07-84E3-764D25A0D4FF}.Release|x64.Build.0 = Release|x64
		{A33F71D6-D184-3E07-84E3-764D25A0D4FF}.MinSizeRel|x64.ActiveCfg = MinSizeRel|x64
		{A33F71D6-D184-3E07-84E3-764D25A0D4FF}.MinSizeRel|x64.Build.0 = MinSizeRel|x64
		{A33F71D6-D184-3E07-84E3-764D25A0D4FF}.RelWithDebInfo|x64.ActiveCfg = RelWithDebInfo|x64
		{A33F71D6-D184-3E07-84E3-764D25A0D4FF}.RelWithDebInfo|x64.Build.0 = RelWithDebInfo|x64
		{0BFA3E65-36AD-372C-8025-E0C1B972322A}.Debug|x64.ActiveCfg = Debug|x64
		{0BFA3E65-36AD-372C-8025-E0C1B972322A}.Debug|x64.Build.0 = Debug|x64
		{0BFA3E65-36AD-372C-8025-E0C1B972322A}.Release|x64.ActiveCfg = Release|x64
		{0BFA3E65-36AD-372C-8025-E0C1B972322A}.Release|x64.Build.0 = Release|x64
		{0BFA3E65-36AD-372C-8025-E0C1B972322A}.MinSizeRel|x64.ActiveCfg = MinSizeRel|x64
		{0BFA3E65-36AD-372C-8025-E0C1B972322A}.MinSizeRel|x64.Build.0 = MinSizeRel|x64
		{0BFA3E65-36AD-372C-8025-E0C1B972322A}.RelWithDebInfo|x64.ActiveCfg = RelWithDebInfo|x64
		{0BFA3E65-36AD-372C-8025-E0C1B972322A}.RelWithDebInfo|x64.Build.0 = RelWithDebInfo|x64
		{97834766-E785-3FDC-AF24-CD5967E39EC1}.Debug|x64.ActiveCfg = Debug|x64
		{97834766-E785-3FDC-AF24-CD5967E39EC1}.Debug|x64.Build.0 = Debug|x64
		{97834766-E785-3FDC-AF24-CD5967E39EC1}.Release|x64.ActiveCfg = Release|x64
		{97834766-E785-3FDC-AF24-CD5967E39EC1}.Release|x64.Build.0 = Release|x64
		{97834766-E785-3FDC-AF24-CD5967E39EC1}.MinSizeRel|x64.ActiveCfg = MinSizeRel|x64
		{97834766-E785-3FDC-AF24-CD5967E39EC1}.MinSizeRel|x64.Build.0 = MinSizeRel|x64
		{97834766-E785-3FDC-AF24-CD5967E39EC1}.RelWithDebInfo|x64.ActiveCfg = RelWithDebInfo|x64
		{97834766-E785-3FDC-AF24-CD5967E39EC1}.RelWithDebInfo|x64.Build.0 = RelWithDebInfo|x64
		{C648DDD6-38D5-323A-8A16-A36AA1D60DFF}.Debug|x64.ActiveCfg = Debug|x64
		{C648DDD6-38D5-323A-8A16-A36AA1D60DFF}.Debug|x64.Build.0 = Debug|x64
		{C648DDD6-38D5-323A-8A16-A36AA1D60DFF}.Release|x64.ActiveCfg = Release|x64
		{C648DDD6-38D5-323A-8A16-A36AA1D60DFF}.Release|x64.Build.0 = Release|x64
		{C648DDD6-38D5-323A-8A16-A36AA1D60DFF}.MinSizeRel|x64.ActiveCfg = MinSizeRel|x64
		{C648DDD6-38D5-323A-8A16-A36AA1D60DFF}.MinSizeRel|x64.Build.0 = MinSizeRel|x64
		{C648DDD6-38D5-323A-8A16-A36AA1D60DFF}.RelWithDebInfo|x64.ActiveCfg = RelWithDebInfo|x64
		{C648DDD6-38D5-323A-8A16-A36AA1D60DFF}.RelWithDebInfo|x64.Build.0 = RelWithDebInfo|x64
		{15DA45AC-2A8B-30FF-9552-B49F30D7C196}.Debug|x64.ActiveCfg = Debug|x64
		{15DA45AC-2A8B-30FF-9552-B49F30D7C196}.Debug|x64.Build.0 = Debug|x64
		{15DA45AC-2A8B-30FF-9552-B49F30D7C196}.Release|x64.ActiveCfg = Release|x64
		{15DA45AC-2A8B-30FF-9552-B49F30D7C196}.Release|x64.Build.0 = Release|x64
		{15DA45AC-2A8B-30FF-9552-B49F30D7C196}.MinSizeRel|x64.ActiveCfg = MinSizeRel|x64
		{15DA45AC-2A8B-30FF-9552-B49F30D7C196}.MinSizeRel|x64.Build.0 = MinSizeRel|x64
		{15DA45AC-2A8B-30FF-9552-B49F30D7C196}.RelWithDebInfo|x64.ActiveCfg = RelWithDebInfo|x64
		{15DA45AC-2A8B-30FF-9552-B49F30D7C196}.RelWithDebInfo|x64.Build.0 = RelWithDebInfo|x64
		{1889FBCF-6B41-30F3-B4BB-5D9618409193}.Debug|x64.ActiveCfg = Debug|x64
		{1889FBCF-6B41-30F3-B4BB-5D9618409193}.Debug|x64.Build.0 = Debug|x64
		{1889FBCF-6B41-30F3-B4BB-5D9618409193}.Release|x64.ActiveCfg = Release|x64
		{1889FBCF-6B41-30F3-B4BB-5D9618409193}.Release|x64.Build.0 = Release|x64
		{1889FBCF-6B41-30F3-B4BB-5D9618409193}.MinSizeRel|x64.ActiveCfg = MinSizeRel|x64
		{1889FBCF-6B41-30F3-B4BB-5D9618409193}.MinSizeRel|x64.Build.0 = MinSizeRel|x64
		{1889FBCF-6B41-30F3-B4BB-5D9618409193}.RelWithDebInfo|x64.ActiveCfg = RelWithDebInfo|x64
		{1889FBCF-6B41-30F3-B4BB-5D9618409193}.RelWithDebInfo|x64.Build.0 = RelWithDebInfo|x64
		{E0D6FD89-5E1B-3E0E-BF18-0B86F711BFBF}.Debug|x64.ActiveCfg = Debug|x64
		{E0D6FD89-5E1B-3E0E-BF18-0B86F711BFBF}.Debug|x64.Build.0 = Debug|x64
		{E0D6FD89-5E1B-3E0E-BF18-0B86F711BFBF}.Release|x64.ActiveCfg = Release|x64
		{E0D6FD89-5E1B-3E0E-BF18-0B86F711BFBF}.Release|x64.Build.0 = Release|x64
		{E0D6FD89-5E1B-3E0E-BF18-0B86F711BFBF}.MinSizeRel|x64.ActiveCfg = MinSizeRel|x64
		{E0D6FD89-5E1B-3E0E-BF18-0B86F711BFBF}.MinSizeRel|x64.Build.0 = MinSizeRel|x64
		{E0D6FD89-5E1B-3E0E-BF18-0B86F711BFBF}.RelWithDebInfo|x64.ActiveCfg = RelWithDebInfo|x64
		{E0D6FD89-5E1B-3E0E-BF18-0B86F711BFBF}.RelWithDebInfo|x64.Build.0 = RelWithDebInfo|x64
		{89025F2A-C629-35BA-A5CD-CC06DC54935E}.Debug|x64.ActiveCfg = Debug|x64
		{89025F2A-C629-35BA-A5CD-CC06DC54935E}.Debug|x64.Build.0 = Debug|x64
		{89025F2A-C629-35BA-A5CD-CC06DC54935E}.Release|x64.ActiveCfg = Release|x64
		{89025F2A-C629-35BA-A5CD-CC06DC54935E}.Release|x64.Build.0 = Release|x64
		{89025F2A-C629-35BA-A5CD-CC06DC54935E}.MinSizeRel|x64.ActiveCfg = MinSizeRel|x64
		{89025F2A-C629-35BA-A5CD-CC06DC54935E}.MinSizeRel|x64.Build.0 = MinSizeRel|x64
		{89025F2A-C629-35BA-A5CD-CC06DC54935E}.RelWithDebInfo|x64.ActiveCfg = RelWithDebInfo|x64
		{89025F2A-C629-35BA-A5CD-CC06DC54935E}.RelWithDebInfo|x64.Build.0 = RelWithDebInfo|x64
		{DD8DD9D2-ABE6-306D-B005-102758A27CBE}.Debug|x64.ActiveCfg = Debug|x64
		{DD8DD9D2-ABE6-306D-B005-102758A27CBE}.Debug|x64.Build.0 = Debug|x64
		{DD8DD9D2-ABE6-306D-B005-102758A27CBE}.Release|x64.ActiveCfg = Release|x64
		{DD8DD9D2-ABE6-306D-B005-102758A27CBE}.Release|x64.Build.0 = Release|x64
		{DD8DD9D2-ABE6-306D-B005-102758A27CBE}.MinSizeRel|x64.ActiveCfg = MinSizeRel|x64
		{DD8DD9D2-ABE6-306D-B005-102758A27CBE}.MinSizeRel|x64.Build.0 = MinSizeRel|x64
		{DD8DD9D2-ABE6-306D-B005-102758A27CBE}.RelWithDebInfo|x64.ActiveCfg = RelWithDebInfo|x64
		{DD8DD9D2-ABE6-306D-B005-102758A27CBE}.RelWithDebInfo|x64.Build.0 = RelWithDebInfo|x64
		{FBB48A38-BFBE-36E3-B991-3CF35348A6D1}.Debug|x64.ActiveCfg = Debug|x64
		{FBB48A38-BFBE-36E3-B991-3CF35348A6D1}.Debug|x64.Build.0 = Debug|x64
		{FBB48A38-BFBE-36E3-B991-3CF35348A6D1}.Release|x64.ActiveCfg = Release|x64
		{FBB48A38-BFBE-36E3-B991-3CF35348A6D1}.Release|x64.Build.0 = Release|x64
		{FBB48A38-BFBE-36E3-B991-3CF35348A6D1}.MinSizeRel|x64.ActiveCfg = MinSizeRel|x64
		{FBB48A38-BFBE-36E3-B991-3CF35348A6D1}.MinSizeRel|x64.Build.0 = MinSizeRel|x64
		{FBB48A38-BFBE-36E3-B991-3CF35348A6D1}.RelWithDebInfo|x64.ActiveCfg = RelWithDebInfo|x64
		{FBB48A38-BFBE-36E3-B991-3CF35348A6D1}.RelWithDebInfo|x64.Build.0 = RelWithDebInfo|x64
		{FD414F78-62D3-3D3C-971C-D1C9732E45BD}.Debug|x64.ActiveCfg = Debug|x64
		{FD414F78-62D3-3D3C-971C-D1C9732E45BD}.Debug|x64.Build.0 = Debug|x64
		{FD414F78-62D3-3D3C-971C-D1C9732E45BD}.Release|x64.ActiveCfg = Release|x64
		{FD414F78-62D3-3D3C-971C-D1C9732E45BD}.Release|x64.Build.0 = Release|x64
		{FD414F78-62D3-3D3C-971C-D1C9732E45BD}.MinSizeRel|x64.ActiveCfg = MinSizeRel|x64
		{FD414F78-62D3-3D3C-971C-D1C9732E45BD}.MinSizeRel|x64.Build.0 = MinSizeRel|x64
		{FD414F78-62D3-3D3C-971C-D1C9732E45BD}.RelWithDebInfo|x64.ActiveCfg = RelWithDebInfo|x64
		{FD414F78-62D3-3D3C-971C-D1C9732E45BD}.RelWithDebInfo|x64.Build.0 = RelWithDebInfo|x64
		{40404376-BD2B-30FB-8DF8-B7C6F5562B15}.Debug|x64.ActiveCfg = Debug|x64
		{40404376-BD2B-30FB-8DF8-B7C6F5562B15}.Debug|x64.Build.0 = Debug|x64
		{40404376-BD2B-30FB-8DF8-B7C6F5562B15}.Release|x64.ActiveCfg = Release|x64
		{40404376-BD2B-30FB-8DF8-B7C6F5562B15}.Release|x64.Build.0 = Release|x64
		{40404376-BD2B-30FB-8DF8-B7C6F5562B15}.MinSizeRel|x64.ActiveCfg = MinSizeRel|x64
		{40404376-BD2B-30FB-8DF8-B7C6F5562B15}.MinSizeRel|x64.Build.0 = MinSizeRel|x64
		{40404376-BD2B-30FB-8DF8-B7C6F5562B15}.RelWithDebInfo|x64.ActiveCfg = RelWithDebInfo|x64
		{40404376-BD2B-30FB-8DF8-B7C6F5562B15}.RelWithDebInfo|x64.Build.0 = RelWithDebInfo|x64
		{8D4AD615-197F-37FE-8037-B631D20BC279}.Debug|x64.ActiveCfg = Debug|x64
		{8D4AD615-197F-37FE-8037-B631D20BC279}.Debug|x64.Build.0 = Debug|x64
		{8D4AD615-197F-37FE-8037-B631D20BC279}.Release|x64.ActiveCfg = Release|x64
		{8D4AD615-197F-37FE-8037-B631D20BC279}.Release|x64.Build.0 = Release|x64
		{8D4AD615-197F-37FE-8037-B631D20BC279}.MinSizeRel|x64.ActiveCfg = MinSizeRel|x64
		{8D4AD615-197F-37FE-8037-B631D20BC279}.MinSizeRel|x64.Build.0 = MinSizeRel|x64
		{8D4AD615-197F-37FE-8037-B631D20BC279}.RelWithDebInfo|x64.ActiveCfg = RelWithDebInfo|x64
		{8D4AD615-197F-37FE-8037-B631D20BC279}.RelWithDebInfo|x64.Build.0 = RelWithDebInfo|x64
		{86158AEA-85A7-3F42-A19B-EA36B1D99851}.Debug|x64.ActiveCfg = Debug|x64
		{86158AEA-85A7-3F42-A19B-EA36B1D99851}.Debug|x64.Build.0 = Debug|x64
		{86158AEA-85A7-3F42-A19B-EA36B1D99851}.Release|x64.ActiveCfg = Release|x64
		{86158AEA-85A7-3F42-A19B-EA36B1D99851}.Release|x64.Build.0 = Release|x64
		{86158AEA-85A7-3F42-A19B-EA36B1D99851}.MinSizeRel|x64.ActiveCfg = MinSizeRel|x64
		{86158AEA-85A7-3F42-A19B-EA36B1D99851}.MinSizeRel|x64.Build.0 = MinSizeRel|x64
		{86158AEA-85A7-3F42-A19B-EA36B1D99851}.RelWithDebInfo|x64.ActiveCfg = RelWithDebInfo|x64
		{86158AEA-85A7-3F42-A19B-EA36B1D99851}.RelWithDebInfo|x64.Build.0 = RelWithDebInfo|x64
		{3260E76E-D13B-374C-9068-1A4AADF1605D}.Debug|x64.ActiveCfg = Debug|x64
		{3260E76E-D13B-374C-9068-1A4AADF1605D}.Debug|x64.Build.0 = Debug|x64
		{3260E76E-D13B-374C-9068-1A4AADF1605D}.Release|x64.ActiveCfg = Release|x64
		{3260E76E-D13B-374C-9068-1A4AADF1605D}.Release|x64.Build.0 = Release|x64
		{3260E76E-D13B-374C-9068-1A4AADF1605D}.MinSizeRel|x64.ActiveCfg = MinSizeRel|x64
		{3260E76E-D13B-374C-9068-1A4AADF1605D}.MinSizeRel|x64.Build.0 = MinSizeRel|x64
		{3260E76E-D13B-374C-9068-1A4AADF1605D}.RelWithDebInfo|x64.ActiveCfg = RelWithDebInfo|x64
		{3260E76E-D13B-374C-9068-1A4AADF1605D}.RelWithDebInfo|x64.Build.0 = RelWithDebInfo|x64
		{5F8DABF8-DEC1-3AE9-B827-160307A75503}.Debug|x64.ActiveCfg = Debug|x64
		{5F8DABF8-DEC1-3AE9-B827-160307A75503}.Debug|x64.Build.0 = Debug|x64
		{5F8DABF8-DEC1-3AE9-B827-160307A75503}.Release|x64.ActiveCfg = Release|x64
		{5F8DABF8-DEC1-3AE9-B827-160307A75503}.Release|x64.Build.0 = Release|x64
		{5F8DABF8-DEC1-3AE9-B827-160307A75503}.MinSizeRel|x64.ActiveCfg = MinSizeRel|x64
		{5F8DABF8-DEC1-3AE9-B827-160307A75503}.MinSizeRel|x64.Build.0 = MinSizeRel|x64
		{5F8DABF8-DEC1-3AE9-B827-160307A75503}.RelWithDebInfo|x64.ActiveCfg = RelWithDebInfo|x64
		{5F8DABF8-DEC1-3AE9-B827-160307A75503}.RelWithDebInfo|x64.Build.0 = RelWithDebInfo|x64
		{5D615D39-B69E-3269-920D-FCA874927CC2}.Debug|x64.ActiveCfg = Debug|x64
		{5D615D39-B69E-3269-920D-FCA874927CC2}.Debug|x64.Build.0 = Debug|x64
		{5D615D39-B69E-3269-920D-FCA874927CC2}.Release|x64.ActiveCfg = Release|x64
		{5D615D39-B69E-3269-920D-FCA874927CC2}.Release|x64.Build.0 = Release|x64
		{5D615D39-B69E-3269-920D-FCA874927CC2}.MinSizeRel|x64.ActiveCfg = MinSizeRel|x64
		{5D615D39-B69E-3269-920D-FCA874927CC2}.MinSizeRel|x64.Build.0 = MinSizeRel|x64
		{5D615D39-B69E-3269-920D-FCA874927CC2}.RelWithDebInfo|x64.ActiveCfg = RelWithDebInfo|x64
		{5D615D39-B69E-3269-920D-FCA874927CC2}.RelWithDebInfo|x64.Build.0 = RelWithDebInfo|x64
		{125206E1-5CE0-3EAF-89FC-82A34D1F7EB2}.Debug|x64.ActiveCfg = Debug|x64
		{125206E1-5CE0-3EAF-89FC-82A34D1F7EB2}.Debug|x64.Build.0 = Debug|x64
		{125206E1-5CE0-3EAF-89FC-82A34D1F7EB2}.Release|x64.ActiveCfg = Release|x64
		{125206E1-5CE0-3EAF-89FC-82A34D1F7EB2}.Release|x64.Build.0 = Release|x64
		{125206E1-5CE0-3EAF-89FC-82A34D1F7EB2}.MinSizeRel|x64.ActiveCfg = MinSizeRel|x64
		{125206E1-5CE0-3EAF-89FC-82A34D1F7EB2}.MinSizeRel|x64.Build.0 = MinSizeRel|x64
		{125206E1-5CE0-3EAF-89FC-82A34D1F7EB2}.RelWithDebInfo|x64.ActiveCfg = RelWithDebInfo|x64
		{125206E1-5CE0-3EAF-89FC-82A34D1F7EB2}.RelWithDebInfo|x64.Build.0 = RelWithDebInfo|x64
		{6A91E071-418E-3622-9F9B-9B6E0E084648}.Debug|x64.ActiveCfg = Debug|x64
		{6A91E071-418E-3622-9F9B-9B6E0E084648}.Debug|x64.Build.0 = Debug|x64
		{6A91E071-418E-3622-9F9B-9B6E0E084648}.Release|x64.ActiveCfg = Release|x64
		{6A91E071-418E-3622-9F9B-9B6E0E084648}.Release|x64.Build.0 = Release|x64
		{6A91E071-418E-3622-9F9B-9B6E0E084648}.MinSizeRel|x64.ActiveCfg = MinSizeRel|x64
		{6A91E071-418E-3622-9F9B-9B6E0E084648}.MinSizeRel|x64.Build.0 = MinSizeRel|x64
		{6A91E071-418E-3622-9F9B-9B6E0E084648}.RelWithDebInfo|x64.ActiveCfg = RelWithDebInfo|x64
		{6A91E071-418E-3622-9F9B-9B6E0E084648}.RelWithDebInfo|x64.Build.0 = RelWithDebInfo|x64
		{DC761303-49EF-30FC-9309-9C9F1877130C}.Debug|x64.ActiveCfg = Debug|x64
		{DC761303-49EF-30FC-9309-9C9F1877130C}.Debug|x64.Build.0 = Debug|x64
		{DC761303-49EF-30FC-9309-9C9F1877130C}.Release|x64.ActiveCfg = Release|x64
		{DC761303-49EF-30FC-9309-9C9F1877130C}.Release|x64.Build.0 = Release|x64
		{DC761303-49EF-30FC-9309-9C9F1877130C}.MinSizeRel|x64.ActiveCfg = MinSizeRel|x64
		{DC761303-49EF-30FC-9309-9C9F1877130C}.MinSizeRel|x64.Build.0 = MinSizeRel|x64
		{DC761303-49EF-30FC-9309-9C9F1877130C}.RelWithDebInfo|x64.ActiveCfg = RelWithDebInfo|x64
		{DC761303-49EF-30FC-9309-9C9F1877130C}.RelWithDebInfo|x64.Build.0 = RelWithDebInfo|x64
		{2556BFBF-B1D5-361B-A0C4-BA8150F59561}.Debug|x64.ActiveCfg = Debug|x64
		{2556BFBF-B1D5-361B-A0C4-BA8150F59561}.Debug|x64.Build.0 = Debug|x64
		{2556BFBF-B1D5-361B-A0C4-BA8150F59561}.Release|x64.ActiveCfg = Release|x64
		{2556BFBF-B1D5-361B-A0C4-BA8150F59561}.Release|x64.Build.0 = Release|x64
		{2556BFBF-B1D5-361B-A0C4-BA8150F59561}.MinSizeRel|x64.ActiveCfg = MinSizeRel|x64
		{2556BFBF-B1D5-361B-A0C4-BA8150F59561}.MinSizeRel|x64.Build.0 = MinSizeRel|x64
		{2556BFBF-B1D5-361B-A0C4-BA8150F59561}.RelWithDebInfo|x64.ActiveCfg = RelWithDebInfo|x64
		{2556BFBF-B1D5-361B-A0C4-BA8150F59561}.RelWithDebInfo|x64.Build.0 = RelWithDebInfo|x64
		{DA9375F6-86B9-311C-BBAB-57C8914CE75F}.Debug|x64.ActiveCfg = Debug|x64
		{DA9375F6-86B9-311C-BBAB-57C8914CE75F}.Debug|x64.Build.0 = Debug|x64
		{DA9375F6-86B9-311C-BBAB-57C8914CE75F}.Release|x64.ActiveCfg = Release|x64
		{DA9375F6-86B9-311C-BBAB-57C8914CE75F}.Release|x64.Build.0 = Release|x64
		{DA9375F6-86B9-311C-BBAB-57C8914CE75F}.MinSizeRel|x64.ActiveCfg = MinSizeRel|x64
		{DA9375F6-86B9-311C-BBAB-57C8914CE75F}.MinSizeRel|x64.Build.0 = MinSizeRel|x64
		{DA9375F6-86B9-311C-BBAB-57C8914CE75F}.RelWithDebInfo|x64.ActiveCfg = RelWithDebInfo|x64
		{DA9375F6-86B9-311C-BBAB-57C8914CE75F}.RelWithDebInfo|x64.Build.0 = RelWithDebInfo|x64
		{17E9AA1C-899B-3A05-902E-C6A40AFFB578}.Debug|x64.ActiveCfg = Debug|x64
		{17E9AA1C-899B-3A05-902E-C6A40AFFB578}.Debug|x64.Build.0 = Debug|x64
		{17E9AA1C-899B-3A05-902E-C6A40AFFB578}.Release|x64.ActiveCfg = Release|x64
		{17E9AA1C-899B-3A05-902E-C6A40AFFB578}.Release|x64.Build.0 = Release|x64
		{17E9AA1C-899B-3A05-902E-C6A40AFFB578}.MinSizeRel|x64.ActiveCfg = MinSizeRel|x64
		{17E9AA1C-899B-3A05-902E-C6A40AFFB578}.MinSizeRel|x64.Build.0 = MinSizeRel|x64
		{17E9AA1C-899B-3A05-902E-C6A40AFFB578}.RelWithDebInfo|x64.ActiveCfg = RelWithDebInfo|x64
		{17E9AA1C-899B-3A05-902E-C6A40AFFB578}.RelWithDebInfo|x64.Build.0 = RelWithDebInfo|x64
		{A1037EAA-0EAC-3A89-B423-EF67042E4BD9}.Debug|x64.ActiveCfg = Debug|x64
		{A1037EAA-0EAC-3A89-B423-EF67042E4BD9}.Debug|x64.Build.0 = Debug|x64
		{A1037EAA-0EAC-3A89-B423-EF67042E4BD9}.Release|x64.ActiveCfg = Release|x64
		{A1037EAA-0EAC-3A89-B423-EF67042E4BD9}.Release|x64.Build.0 = Release|x64
		{A1037EAA-0EAC-3A89-B423-EF67042E4BD9}.MinSizeRel|x64.ActiveCfg = MinSizeRel|x64
		{A1037EAA-0EAC-3A89-B423-EF67042E4BD9}.MinSizeRel|x64.Build.0 = MinSizeRel|x64
		{A1037EAA-0EAC-3A89-B423-EF67042E4BD9}.RelWithDebInfo|x64.ActiveCfg = RelWithDebInfo|x64
		{A1037EAA-0EAC-3A89-B423-EF67042E4BD9}.RelWithDebInfo|x64.Build.0 = RelWithDebInfo|x64
		{491A6F29-ABDF-3F47-8808-12E9A9CAF9D1}.Debug|x64.ActiveCfg = Debug|x64
		{491A6F29-ABDF-3F47-8808-12E9A9CAF9D1}.Debug|x64.Build.0 = Debug|x64
		{491A6F29-ABDF-3F47-8808-12E9A9CAF9D1}.Release|x64.ActiveCfg = Release|x64
		{491A6F29-ABDF-3F47-8808-12E9A9CAF9D1}.Release|x64.Build.0 = Release|x64
		{491A6F29-ABDF-3F47-8808-12E9A9CAF9D1}.MinSizeRel|x64.ActiveCfg = MinSizeRel|x64
		{491A6F29-ABDF-3F47-8808-12E9A9CAF9D1}.MinSizeRel|x64.Build.0 = MinSizeRel|x64
		{491A6F29-ABDF-3F47-8808-12E9A9CAF9D1}.RelWithDebInfo|x64.ActiveCfg = RelWithDebInfo|x64
		{491A6F29-ABDF-3F47-8808-12E9A9CAF9D1}.RelWithDebInfo|x64.Build.0 = RelWithDebInfo|x64
		{A10B461A-A2DD-3AA4-A394-EE27262CA9F7}.Debug|x64.ActiveCfg = Debug|x64
		{A10B461A-A2DD-3AA4-A394-EE27262CA9F7}.Release|x64.ActiveCfg = Release|x64
		{A10B461A-A2DD-3AA4-A394-EE27262CA9F7}.MinSizeRel|x64.ActiveCfg = MinSizeRel|x64
		{A10B461A-A2DD-3AA4-A394-EE27262CA9F7}.RelWithDebInfo|x64.ActiveCfg = RelWithDebInfo|x64
		{E88DC30E-001B-304C-8C53-BB9C1BDF0787}.Debug|x64.ActiveCfg = Debug|x64
		{E88DC30E-001B-304C-8C53-BB9C1BDF0787}.Release|x64.ActiveCfg = Release|x64
		{E88DC30E-001B-304C-8C53-BB9C1BDF0787}.MinSizeRel|x64.ActiveCfg = MinSizeRel|x64
		{E88DC30E-001B-304C-8C53-BB9C1BDF0787}.RelWithDebInfo|x64.ActiveCfg = RelWithDebInfo|x64
		{72C6AD02-A1DD-3F2B-9B61-AA4428150A4F}.Debug|x64.ActiveCfg = Debug|x64
		{72C6AD02-A1DD-3F2B-9B61-AA4428150A4F}.Release|x64.ActiveCfg = Release|x64
		{72C6AD02-A1DD-3F2B-9B61-AA4428150A4F}.MinSizeRel|x64.ActiveCfg = MinSizeRel|x64
		{72C6AD02-A1DD-3F2B-9B61-AA4428150A4F}.RelWithDebInfo|x64.ActiveCfg = RelWithDebInfo|x64
		{35503B79-5AB2-37E8-88DF-23B459AEF94E}.Debug|x64.ActiveCfg = Debug|x64
		{35503B79-5AB2-37E8-88DF-23B459AEF94E}.Debug|x64.Build.0 = Debug|x64
		{35503B79-5AB2-37E8-88DF-23B459AEF94E}.Release|x64.ActiveCfg = Release|x64
		{35503B79-5AB2-37E8-88DF-23B459AEF94E}.Release|x64.Build.0 = Release|x64
		{35503B79-5AB2-37E8-88DF-23B459AEF94E}.MinSizeRel|x64.ActiveCfg = MinSizeRel|x64
		{35503B79-5AB2-37E8-88DF-23B459AEF94E}.MinSizeRel|x64.Build.0 = MinSizeRel|x64
		{35503B79-5AB2-37E8-88DF-23B459AEF94E}.RelWithDebInfo|x64.ActiveCfg = RelWithDebInfo|x64
		{35503B79-5AB2-37E8-88DF-23B459AEF94E}.RelWithDebInfo|x64.Build.0 = RelWithDebInfo|x64
		{3AE66457-CAE0-3821-8F28-6C4640E80CB0}.Debug|x64.ActiveCfg = Debug|x64
		{3AE66457-CAE0-3821-8F28-6C4640E80CB0}.Debug|x64.Build.0 = Debug|x64
		{3AE66457-CAE0-3821-8F28-6C4640E80CB0}.Release|x64.ActiveCfg = Release|x64
		{3AE66457-CAE0-3821-8F28-6C4640E80CB0}.Release|x64.Build.0 = Release|x64
		{3AE66457-CAE0-3821-8F28-6C4640E80CB0}.MinSizeRel|x64.ActiveCfg = MinSizeRel|x64
		{3AE66457-CAE0-3821-8F28-6C4640E80CB0}.MinSizeRel|x64.Build.0 = MinSizeRel|x64
		{3AE66457-CAE0-3821-8F28-6C4640E80CB0}.RelWithDebInfo|x64.ActiveCfg = RelWithDebInfo|x64
		{3AE66457-CAE0-3821-8F28-6C4640E80CB0}.RelWithDebInfo|x64.Build.0 = RelWithDebInfo|x64
		{BD74191A-AC12-34BC-90CB-DAE101F9E2BA}.Debug|x64.ActiveCfg = Debug|x64
		{BD74191A-AC12-34BC-90CB-DAE101F9E2BA}.Debug|x64.Build.0 = Debug|x64
		{BD74191A-AC12-34BC-90CB-DAE101F9E2BA}.Release|x64.ActiveCfg = Release|x64
		{BD74191A-AC12-34BC-90CB-DAE101F9E2BA}.Release|x64.Build.0 = Release|x64
		{BD74191A-AC12-34BC-90CB-DAE101F9E2BA}.MinSizeRel|x64.ActiveCfg = MinSizeRel|x64
		{BD74191A-AC12-34BC-90CB-DAE101F9E2BA}.MinSizeRel|x64.Build.0 = MinSizeRel|x64
		{BD74191A-AC12-34BC-90CB-DAE101F9E2BA}.RelWithDebInfo|x64.ActiveCfg = RelWithDebInfo|x64
		{BD74191A-AC12-34BC-90CB-DAE101F9E2BA}.RelWithDebInfo|x64.Build.0 = RelWithDebInfo|x64
		{705F4AEE-853F-34A4-ADF9-E5F7BC8199B6}.Debug|x64.ActiveCfg = Debug|x64
		{705F4AEE-853F-34A4-ADF9-E5F7BC8199B6}.Debug|x64.Build.0 = Debug|x64
		{705F4AEE-853F-34A4-ADF9-E5F7BC8199B6}.Release|x64.ActiveCfg = Release|x64
		{705F4AEE-853F-34A4-ADF9-E5F7BC8199B6}.Release|x64.Build.0 = Release|x64
		{705F4AEE-853F-34A4-ADF9-E5F7BC8199B6}.MinSizeRel|x64.ActiveCfg = MinSizeRel|x64
		{705F4AEE-853F-34A4-ADF9-E5F7BC8199B6}.MinSizeRel|x64.Build.0 = MinSizeRel|x64
		{705F4AEE-853F-34A4-ADF9-E5F7BC8199B6}.RelWithDebInfo|x64.ActiveCfg = RelWithDebInfo|x64
		{705F4AEE-853F-34A4-ADF9-E5F7BC8199B6}.RelWithDebInfo|x64.Build.0 = RelWithDebInfo|x64
		{22E1DA74-958D-39FC-8AA2-6EF1C612F6BD}.Debug|x64.ActiveCfg = Debug|x64
		{22E1DA74-958D-39FC-8AA2-6EF1C612F6BD}.Debug|x64.Build.0 = Debug|x64
		{22E1DA74-958D-39FC-8AA2-6EF1C612F6BD}.Release|x64.ActiveCfg = Release|x64
		{22E1DA74-958D-39FC-8AA2-6EF1C612F6BD}.Release|x64.Build.0 = Release|x64
		{22E1DA74-958D-39FC-8AA2-6EF1C612F6BD}.MinSizeRel|x64.ActiveCfg = MinSizeRel|x64
		{22E1DA74-958D-39FC-8AA2-6EF1C612F6BD}.MinSizeRel|x64.Build.0 = MinSizeRel|x64
		{22E1DA74-958D-39FC-8AA2-6EF1C612F6BD}.RelWithDebInfo|x64.ActiveCfg = RelWithDebInfo|x64
		{22E1DA74-958D-39FC-8AA2-6EF1C612F6BD}.RelWithDebInfo|x64.Build.0 = RelWithDebInfo|x64
		{56ED4300-3FD8-325E-AFA5-6941DFFC92E1}.Debug|x64.ActiveCfg = Debug|x64
		{56ED4300-3FD8-325E-AFA5-6941DFFC92E1}.Debug|x64.Build.0 = Debug|x64
		{56ED4300-3FD8-325E-AFA5-6941DFFC92E1}.Release|x64.ActiveCfg = Release|x64
		{56ED4300-3FD8-325E-AFA5-6941DFFC92E1}.Release|x64.Build.0 = Release|x64
		{56ED4300-3FD8-325E-AFA5-6941DFFC92E1}.MinSizeRel|x64.ActiveCfg = MinSizeRel|x64
		{56ED4300-3FD8-325E-AFA5-6941DFFC92E1}.MinSizeRel|x64.Build.0 = MinSizeRel|x64
		{56ED4300-3FD8-325E-AFA5-6941DFFC92E1}.RelWithDebInfo|x64.ActiveCfg = RelWithDebInfo|x64
		{56ED4300-3FD8-325E-AFA5-6941DFFC92E1}.RelWithDebInfo|x64.Build.0 = RelWithDebInfo|x64
		{9CE9C875-CBF4-34AA-AB7A-A5DF58E2A749}.Debug|x64.ActiveCfg = Debug|x64
		{9CE9C875-CBF4-34AA-AB7A-A5DF58E2A749}.Debug|x64.Build.0 = Debug|x64
		{9CE9C875-CBF4-34AA-AB7A-A5DF58E2A749}.Release|x64.ActiveCfg = Release|x64
		{9CE9C875-CBF4-34AA-AB7A-A5DF58E2A749}.Release|x64.Build.0 = Release|x64
		{9CE9C875-CBF4-34AA-AB7A-A5DF58E2A749}.MinSizeRel|x64.ActiveCfg = MinSizeRel|x64
		{9CE9C875-CBF4-34AA-AB7A-A5DF58E2A749}.MinSizeRel|x64.Build.0 = MinSizeRel|x64
		{9CE9C875-CBF4-34AA-AB7A-A5DF58E2A749}.RelWithDebInfo|x64.ActiveCfg = RelWithDebInfo|x64
		{9CE9C875-CBF4-34AA-AB7A-A5DF58E2A749}.RelWithDebInfo|x64.Build.0 = RelWithDebInfo|x64
		{4A56C8C9-DAAB-322D-8859-1A53A7B67119}.Debug|x64.ActiveCfg = Debug|x64
		{4A56C8C9-DAAB-322D-8859-1A53A7B67119}.Debug|x64.Build.0 = Debug|x64
		{4A56C8C9-DAAB-322D-8859-1A53A7B67119}.Release|x64.ActiveCfg = Release|x64
		{4A56C8C9-DAAB-322D-8859-1A53A7B67119}.Release|x64.Build.0 = Release|x64
		{4A56C8C9-DAAB-322D-8859-1A53A7B67119}.MinSizeRel|x64.ActiveCfg = MinSizeRel|x64
		{4A56C8C9-DAAB-322D-8859-1A53A7B67119}.MinSizeRel|x64.Build.0 = MinSizeRel|x64
		{4A56C8C9-DAAB-322D-8859-1A53A7B67119}.RelWithDebInfo|x64.ActiveCfg = RelWithDebInfo|x64
		{4A56C8C9-DAAB-322D-8859-1A53A7B67119}.RelWithDebInfo|x64.Build.0 = RelWithDebInfo|x64
		{47E0CAF1-11C9-358A-A985-48BF0EA577CA}.Debug|x64.ActiveCfg = Debug|x64
		{47E0CAF1-11C9-358A-A985-48BF0EA577CA}.Debug|x64.Build.0 = Debug|x64
		{47E0CAF1-11C9-358A-A985-48BF0EA577CA}.Release|x64.ActiveCfg = Release|x64
		{47E0CAF1-11C9-358A-A985-48BF0EA577CA}.Release|x64.Build.0 = Release|x64
		{47E0CAF1-11C9-358A-A985-48BF0EA577CA}.MinSizeRel|x64.ActiveCfg = MinSizeRel|x64
		{47E0CAF1-11C9-358A-A985-48BF0EA577CA}.MinSizeRel|x64.Build.0 = MinSizeRel|x64
		{47E0CAF1-11C9-358A-A985-48BF0EA577CA}.RelWithDebInfo|x64.ActiveCfg = RelWithDebInfo|x64
		{47E0CAF1-11C9-358A-A985-48BF0EA577CA}.RelWithDebInfo|x64.Build.0 = RelWithDebInfo|x64
		{0E8D2FA4-8C8C-317A-9280-728F23CF1D5C}.Debug|x64.ActiveCfg = Debug|x64
		{0E8D2FA4-8C8C-317A-9280-728F23CF1D5C}.Debug|x64.Build.0 = Debug|x64
		{0E8D2FA4-8C8C-317A-9280-728F23CF1D5C}.Release|x64.ActiveCfg = Release|x64
		{0E8D2FA4-8C8C-317A-9280-728F23CF1D5C}.Release|x64.Build.0 = Release|x64
		{0E8D2FA4-8C8C-317A-9280-728F23CF1D5C}.MinSizeRel|x64.ActiveCfg = MinSizeRel|x64
		{0E8D2FA4-8C8C-317A-9280-728F23CF1D5C}.MinSizeRel|x64.Build.0 = MinSizeRel|x64
		{0E8D2FA4-8C8C-317A-9280-728F23CF1D5C}.RelWithDebInfo|x64.ActiveCfg = RelWithDebInfo|x64
		{0E8D2FA4-8C8C-317A-9280-728F23CF1D5C}.RelWithDebInfo|x64.Build.0 = RelWithDebInfo|x64
		{E0E50EF8-AE66-3563-AF48-D3B9B319242B}.Debug|x64.ActiveCfg = Debug|x64
		{E0E50EF8-AE66-3563-AF48-D3B9B319242B}.Debug|x64.Build.0 = Debug|x64
		{E0E50EF8-AE66-3563-AF48-D3B9B319242B}.Release|x64.ActiveCfg = Release|x64
		{E0E50EF8-AE66-3563-AF48-D3B9B319242B}.Release|x64.Build.0 = Release|x64
		{E0E50EF8-AE66-3563-AF48-D3B9B319242B}.MinSizeRel|x64.ActiveCfg = MinSizeRel|x64
		{E0E50EF8-AE66-3563-AF48-D3B9B319242B}.MinSizeRel|x64.Build.0 = MinSizeRel|x64
		{E0E50EF8-AE66-3563-AF48-D3B9B319242B}.RelWithDebInfo|x64.ActiveCfg = RelWithDebInfo|x64
		{E0E50EF8-AE66-3563-AF48-D3B9B319242B}.RelWithDebInfo|x64.Build.0 = RelWithDebInfo|x64
		{6B60B199-6671-351A-8784-B4000C4D5ABA}.Debug|x64.ActiveCfg = Debug|x64
		{6B60B199-6671-351A-8784-B4000C4D5ABA}.Debug|x64.Build.0 = Debug|x64
		{6B60B199-6671-351A-8784-B4000C4D5ABA}.Release|x64.ActiveCfg = Release|x64
		{6B60B199-6671-351A-8784-B4000C4D5ABA}.Release|x64.Build.0 = Release|x64
		{6B60B199-6671-351A-8784-B4000C4D5ABA}.MinSizeRel|x64.ActiveCfg = MinSizeRel|x64
		{6B60B199-6671-351A-8784-B4000C4D5ABA}.MinSizeRel|x64.Build.0 = MinSizeRel|x64
		{6B60B199-6671-351A-8784-B4000C4D5ABA}.RelWithDebInfo|x64.ActiveCfg = RelWithDebInfo|x64
		{6B60B199-6671-351A-8784-B4000C4D5ABA}.RelWithDebInfo|x64.Build.0 = RelWithDebInfo|x64
		{0FD9D37E-6BB9-3AE4-8EC3-50231783714E}.Debug|x64.ActiveCfg = Debug|x64
		{0FD9D37E-6BB9-3AE4-8EC3-50231783714E}.Debug|x64.Build.0 = Debug|x64
		{0FD9D37E-6BB9-3AE4-8EC3-50231783714E}.Release|x64.ActiveCfg = Release|x64
		{0FD9D37E-6BB9-3AE4-8EC3-50231783714E}.Release|x64.Build.0 = Release|x64
		{0FD9D37E-6BB9-3AE4-8EC3-50231783714E}.MinSizeRel|x64.ActiveCfg = MinSizeRel|x64
		{0FD9D37E-6BB9-3AE4-8EC3-50231783714E}.MinSizeRel|x64.Build.0 = MinSizeRel|x64
		{0FD9D37E-6BB9-3AE4-8EC3-50231783714E}.RelWithDebInfo|x64.ActiveCfg = RelWithDebInfo|x64
		{0FD9D37E-6BB9-3AE4-8EC3-50231783714E}.RelWithDebInfo|x64.Build.0 = RelWithDebInfo|x64
		{F3C50DF5-BAEB-3BE1-A48C-A140361BB78C}.Debug|x64.ActiveCfg = Debug|x64
		{F3C50DF5-BAEB-3BE1-A48C-A140361BB78C}.Debug|x64.Build.0 = Debug|x64
		{F3C50DF5-BAEB-3BE1-A48C-A140361BB78C}.Release|x64.ActiveCfg = Release|x64
		{F3C50DF5-BAEB-3BE1-A48C-A140361BB78C}.Release|x64.Build.0 = Release|x64
		{F3C50DF5-BAEB-3BE1-A48C-A140361BB78C}.MinSizeRel|x64.ActiveCfg = MinSizeRel|x64
		{F3C50DF5-BAEB-3BE1-A48C-A140361BB78C}.MinSizeRel|x64.Build.0 = MinSizeRel|x64
		{F3C50DF5-BAEB-3BE1-A48C-A140361BB78C}.RelWithDebInfo|x64.ActiveCfg = RelWithDebInfo|x64
		{F3C50DF5-BAEB-3BE1-A48C-A140361BB78C}.RelWithDebInfo|x64.Build.0 = RelWithDebInfo|x64
	EndGlobalSection
	GlobalSection(NestedProjects) = preSolution
		{72C6AD02-A1DD-3F2B-9B61-AA4428150A4F} = {0087B1E8-8137-3B04-952A-498DF6EC2B11}
		{35503B79-5AB2-37E8-88DF-23B459AEF94E} = {0087B1E8-8137-3B04-952A-498DF6EC2B11}
		{3AE66457-CAE0-3821-8F28-6C4640E80CB0} = {0087B1E8-8137-3B04-952A-498DF6EC2B11}
		{22E1DA74-958D-39FC-8AA2-6EF1C612F6BD} = {0087B1E8-8137-3B04-952A-498DF6EC2B11}
		{56ED4300-3FD8-325E-AFA5-6941DFFC92E1} = {0087B1E8-8137-3B04-952A-498DF6EC2B11}
		{9CE9C875-CBF4-34AA-AB7A-A5DF58E2A749} = {0087B1E8-8137-3B04-952A-498DF6EC2B11}
		{E0E50EF8-AE66-3563-AF48-D3B9B319242B} = {0087B1E8-8137-3B04-952A-498DF6EC2B11}
		{6B60B199-6671-351A-8784-B4000C4D5ABA} = {0087B1E8-8137-3B04-952A-498DF6EC2B11}
		{1496FAC0-2D5D-30C2-8572-8E9D8A823A3C} = {FFBA073D-4BD5-37F3-8324-5DD651F0405A}
		{38893B24-ABC7-3508-917F-BE52B1C0CD7E} = {FFBA073D-4BD5-37F3-8324-5DD651F0405A}
		{1A820AA7-0BA0-3D91-838F-15C9311E6694} = {FFBA073D-4BD5-37F3-8324-5DD651F0405A}
		{36CF3793-8D48-324C-9144-EDCBE4EC1393} = {544E8C4B-4100-38E8-9271-0FB19CC169F8}
		{72B3A9FC-7D90-3F1F-B56C-E168732977BD} = {544E8C4B-4100-38E8-9271-0FB19CC169F8}
		{2BD64834-C671-3CA3-96B6-AB052AEAEA8A} = {544E8C4B-4100-38E8-9271-0FB19CC169F8}
		{C278D12A-E5C7-3FE7-9F39-7090018E2F8C} = {544E8C4B-4100-38E8-9271-0FB19CC169F8}
		{7B1FBFEB-6030-39F8-B90D-6AC5E106C670} = {544E8C4B-4100-38E8-9271-0FB19CC169F8}
		{50BE8A04-D55A-3392-8575-C8E329809DB0} = {544E8C4B-4100-38E8-9271-0FB19CC169F8}
		{A33F71D6-D184-3E07-84E3-764D25A0D4FF} = {544E8C4B-4100-38E8-9271-0FB19CC169F8}
		{0BFA3E65-36AD-372C-8025-E0C1B972322A} = {544E8C4B-4100-38E8-9271-0FB19CC169F8}
		{97834766-E785-3FDC-AF24-CD5967E39EC1} = {544E8C4B-4100-38E8-9271-0FB19CC169F8}
		{C648DDD6-38D5-323A-8A16-A36AA1D60DFF} = {544E8C4B-4100-38E8-9271-0FB19CC169F8}
		{15DA45AC-2A8B-30FF-9552-B49F30D7C196} = {544E8C4B-4100-38E8-9271-0FB19CC169F8}
		{1889FBCF-6B41-30F3-B4BB-5D9618409193} = {544E8C4B-4100-38E8-9271-0FB19CC169F8}
		{E0D6FD89-5E1B-3E0E-BF18-0B86F711BFBF} = {544E8C4B-4100-38E8-9271-0FB19CC169F8}
		{89025F2A-C629-35BA-A5CD-CC06DC54935E} = {544E8C4B-4100-38E8-9271-0FB19CC169F8}
		{DD8DD9D2-ABE6-306D-B005-102758A27CBE} = {544E8C4B-4100-38E8-9271-0FB19CC169F8}
		{FBB48A38-BFBE-36E3-B991-3CF35348A6D1} = {544E8C4B-4100-38E8-9271-0FB19CC169F8}
		{FD414F78-62D3-3D3C-971C-D1C9732E45BD} = {544E8C4B-4100-38E8-9271-0FB19CC169F8}
		{40404376-BD2B-30FB-8DF8-B7C6F5562B15} = {544E8C4B-4100-38E8-9271-0FB19CC169F8}
		{8D4AD615-197F-37FE-8037-B631D20BC279} = {544E8C4B-4100-38E8-9271-0FB19CC169F8}
		{86158AEA-85A7-3F42-A19B-EA36B1D99851} = {544E8C4B-4100-38E8-9271-0FB19CC169F8}
		{3260E76E-D13B-374C-9068-1A4AADF1605D} = {544E8C4B-4100-38E8-9271-0FB19CC169F8}
		{5F8DABF8-DEC1-3AE9-B827-160307A75503} = {544E8C4B-4100-38E8-9271-0FB19CC169F8}
		{5D615D39-B69E-3269-920D-FCA874927CC2} = {544E8C4B-4100-38E8-9271-0FB19CC169F8}
		{125206E1-5CE0-3EAF-89FC-82A34D1F7EB2} = {544E8C4B-4100-38E8-9271-0FB19CC169F8}
		{6A91E071-418E-3622-9F9B-9B6E0E084648} = {544E8C4B-4100-38E8-9271-0FB19CC169F8}
		{DC761303-49EF-30FC-9309-9C9F1877130C} = {544E8C4B-4100-38E8-9271-0FB19CC169F8}
		{2556BFBF-B1D5-361B-A0C4-BA8150F59561} = {544E8C4B-4100-38E8-9271-0FB19CC169F8}
		{DA9375F6-86B9-311C-BBAB-57C8914CE75F} = {544E8C4B-4100-38E8-9271-0FB19CC169F8}
		{17E9AA1C-899B-3A05-902E-C6A40AFFB578} = {544E8C4B-4100-38E8-9271-0FB19CC169F8}
		{A1037EAA-0EAC-3A89-B423-EF67042E4BD9} = {544E8C4B-4100-38E8-9271-0FB19CC169F8}
		{491A6F29-ABDF-3F47-8808-12E9A9CAF9D1} = {544E8C4B-4100-38E8-9271-0FB19CC169F8}
		{0FD9D37E-6BB9-3AE4-8EC3-50231783714E} = {031E4BBE-78E8-3148-BB25-ABD32A87EBAB}
		{F3C50DF5-BAEB-3BE1-A48C-A140361BB78C} = {BD8D4170-2C42-3DA0-A6B1-9D8D9BDF852F}
	EndGlobalSection
	GlobalSection(ExtensibilityGlobals) = postSolution
		SolutionGuid = {7483772E-B5A7-3502-802F-2CA6EE240FEB}
	EndGlobalSection
	GlobalSection(ExtensibilityAddIns) = postSolution
	EndGlobalSection
EndGlobal
